// !$*UTF8*$!
{
	archiveVersion = 1;
	classes = {
	};
	objectVersion = 45;
	objects = {

/* Begin PBXBuildFile section */
		1D3623260D0F684500981E51 /* AntAmbushAppDelegate.m in Sources */ = {isa = PBXBuildFile; fileRef = 1D3623250D0F684500981E51 /* AntAmbushAppDelegate.m */; };
		1D60589B0D05DD56006BFB54 /* main.m in Sources */ = {isa = PBXBuildFile; fileRef = 29B97316FDCFA39411CA2CEA /* main.m */; };
		1D60589F0D05DD5A006BFB54 /* Foundation.framework in Frameworks */ = {isa = PBXBuildFile; fileRef = 1D30AB110D05D00D00671497 /* Foundation.framework */; };
		1DF5F4E00D08C38300B7A737 /* UIKit.framework in Frameworks */ = {isa = PBXBuildFile; fileRef = 1DF5F4DF0D08C38300B7A737 /* UIKit.framework */; };
		288765A50DF7441C002DB57D /* CoreGraphics.framework in Frameworks */ = {isa = PBXBuildFile; fileRef = 288765A40DF7441C002DB57D /* CoreGraphics.framework */; };
		2899E5220DE3E06400AC0155 /* AntAmbushViewController.xib in Resources */ = {isa = PBXBuildFile; fileRef = 2899E5210DE3E06400AC0155 /* AntAmbushViewController.xib */; };
		28AD733F0D9D9553002E5188 /* MainWindow.xib in Resources */ = {isa = PBXBuildFile; fileRef = 28AD733E0D9D9553002E5188 /* MainWindow.xib */; };
		28D7ACF80DDB3853001CB0EB /* AntAmbushViewController.m in Sources */ = {isa = PBXBuildFile; fileRef = 28D7ACF70DDB3853001CB0EB /* AntAmbushViewController.m */; };
		94023E4E134AF6FA0075148F /* UIImageAlertView.m in Sources */ = {isa = PBXBuildFile; fileRef = 94023E4D134AF6FA0075148F /* UIImageAlertView.m */; };
		940240ED13556F2E0075148F /* RecentAttacksViewController.m in Sources */ = {isa = PBXBuildFile; fileRef = 940240EB13556F2E0075148F /* RecentAttacksViewController.m */; };
		940240EE13556F2E0075148F /* RecentAttacksViewController.xib in Resources */ = {isa = PBXBuildFile; fileRef = 940240EC13556F2E0075148F /* RecentAttacksViewController.xib */; };
		942FD87A13C56B58006ACD7F /* main_scroll.png in Resources */ = {isa = PBXBuildFile; fileRef = 942FD87913C56B58006ACD7F /* main_scroll.png */; };
		942FD87C13C56B6D006ACD7F /* main_scroll@2x.png in Resources */ = {isa = PBXBuildFile; fileRef = 942FD87B13C56B6D006ACD7F /* main_scroll@2x.png */; };
		942FD87E13C56BA0006ACD7F /* main_attack_btn@2x.png in Resources */ = {isa = PBXBuildFile; fileRef = 942FD87D13C56BA0006ACD7F /* main_attack_btn@2x.png */; };
		944E13D713B7FFA60084B889 /* main_background.png in Resources */ = {isa = PBXBuildFile; fileRef = 944E13D613B7FFA50084B889 /* main_background.png */; };
		944E13D913B800DD0084B889 /* main_attack_btn.png in Resources */ = {isa = PBXBuildFile; fileRef = 944E13D813B800DD0084B889 /* main_attack_btn.png */; };
		944E13E513C2489C0084B889 /* libUAirship-1.0.5.a in Frameworks */ = {isa = PBXBuildFile; fileRef = 944E13E413C2489C0084B889 /* libUAirship-1.0.5.a */; };
		944E13E713C24DEB0084B889 /* MessageUI.framework in Frameworks */ = {isa = PBXBuildFile; fileRef = 944E13E613C24DEA0084B889 /* MessageUI.framework */; settings = {ATTRIBUTES = (Weak, ); }; };
		944E13EA13C567D60084B889 /* Icon-Small.png in Resources */ = {isa = PBXBuildFile; fileRef = 944E13E813C567D40084B889 /* Icon-Small.png */; };
		944E13EB13C567D60084B889 /* Icon-Small@2x.png in Resources */ = {isa = PBXBuildFile; fileRef = 944E13E913C567D50084B889 /* Icon-Small@2x.png */; };
		944E13EE13C569580084B889 /* Default.png in Resources */ = {isa = PBXBuildFile; fileRef = 944E13EC13C569570084B889 /* Default.png */; };
		944E13EF13C569580084B889 /* Default@2x.png in Resources */ = {isa = PBXBuildFile; fileRef = 944E13ED13C569570084B889 /* Default@2x.png */; };
		944E13F313C56A5B0084B889 /* main_background@2x.png in Resources */ = {isa = PBXBuildFile; fileRef = 944E13F213C56A5A0084B889 /* main_background@2x.png */; };
		946210DC1369435A0073CBDF /* SettingsViewController.m in Sources */ = {isa = PBXBuildFile; fileRef = 946210DA1369435A0073CBDF /* SettingsViewController.m */; };
		946210DD1369435A0073CBDF /* SettingsViewController.xib in Resources */ = {isa = PBXBuildFile; fileRef = 946210DB1369435A0073CBDF /* SettingsViewController.xib */; };
		949EBE87135E28CA002EAEA6 /* ContactListPicker.m in Sources */ = {isa = PBXBuildFile; fileRef = 949EBE86135E28CA002EAEA6 /* ContactListPicker.m */; };
		949EBEDE13627A05002EAEA6 /* RecentAttacksTableViewCell.m in Sources */ = {isa = PBXBuildFile; fileRef = 949EBEDD13627A05002EAEA6 /* RecentAttacksTableViewCell.m */; };
		94A4886B1380AD0900DAB3AC /* FacebookWrapper.m in Sources */ = {isa = PBXBuildFile; fileRef = 94A4886A1380AD0900DAB3AC /* FacebookWrapper.m */; };
		94A489DB13810F2100DAB3AC /* FBTableViewController.m in Sources */ = {isa = PBXBuildFile; fileRef = 94A489D913810F2100DAB3AC /* FBTableViewController.m */; };
		94A489DC13810F2100DAB3AC /* FBTableViewController.xib in Resources */ = {isa = PBXBuildFile; fileRef = 94A489DA13810F2100DAB3AC /* FBTableViewController.xib */; };
		94A48BB6138A2DE100DAB3AC /* FacebookUser.m in Sources */ = {isa = PBXBuildFile; fileRef = 94A48BB5138A2DE100DAB3AC /* FacebookUser.m */; };
		94A576FB1404B753007DC2B1 /* gorilla.jpg in Resources */ = {isa = PBXBuildFile; fileRef = 94A576FA1404B753007DC2B1 /* gorilla.jpg */; };
		94A576FD1404B75C007DC2B1 /* xmas_pups.jpg in Resources */ = {isa = PBXBuildFile; fileRef = 94A576FC1404B75C007DC2B1 /* xmas_pups.jpg */; };
		94A725C91336CFCA00414CF3 /* libsqlite3.0.dylib in Frameworks */ = {isa = PBXBuildFile; fileRef = 94A725C81336CFCA00414CF3 /* libsqlite3.0.dylib */; };
		94A725CE1336D03C00414CF3 /* History.m in Sources */ = {isa = PBXBuildFile; fileRef = 94A725CD1336D03C00414CF3 /* History.m */; };
		94A728AB1338820800414CF3 /* recentAttacks.db in Resources */ = {isa = PBXBuildFile; fileRef = 94A728AA1338820800414CF3 /* recentAttacks.db */; };
		94A728C01338827900414CF3 /* Attack.m in Sources */ = {isa = PBXBuildFile; fileRef = 94A728BF1338827900414CF3 /* Attack.m */; };
		94B211231363A57400DA627E /* SingleAttackViewController.m in Sources */ = {isa = PBXBuildFile; fileRef = 94B211211363A57400DA627E /* SingleAttackViewController.m */; };
		94B211241363A57400DA627E /* SingleAttackViewController.xib in Resources */ = {isa = PBXBuildFile; fileRef = 94B211221363A57400DA627E /* SingleAttackViewController.xib */; };
		94B9833A1345AA0F00090947 /* SigninViewController.m in Sources */ = {isa = PBXBuildFile; fileRef = 94B983381345AA0F00090947 /* SigninViewController.m */; };
		94B9833B1345AA0F00090947 /* SigninViewController.xib in Resources */ = {isa = PBXBuildFile; fileRef = 94B983391345AA0F00090947 /* SigninViewController.xib */; };
		94BD8AEE13C6D0AB005B35E1 /* happy_piglet.jpg in Resources */ = {isa = PBXBuildFile; fileRef = 94BD8AE913C6D0AB005B35E1 /* happy_piglet.jpg */; };
		94BD8AEF13C6D0AB005B35E1 /* beagle_attack.jpg in Resources */ = {isa = PBXBuildFile; fileRef = 94BD8AEA13C6D0AB005B35E1 /* beagle_attack.jpg */; };
		94BD8AF013C6D0AB005B35E1 /* honey_badger.jpg in Resources */ = {isa = PBXBuildFile; fileRef = 94BD8AEB13C6D0AB005B35E1 /* honey_badger.jpg */; };
		94BD8AF113C6D0AB005B35E1 /* sad_panda.jpg in Resources */ = {isa = PBXBuildFile; fileRef = 94BD8AEC13C6D0AB005B35E1 /* sad_panda.jpg */; };
		94BD8AF213C6D0AB005B35E1 /* high_kittens.jpg in Resources */ = {isa = PBXBuildFile; fileRef = 94BD8AED13C6D0AB005B35E1 /* high_kittens.jpg */; };
		94BD8AF613C8F9A2005B35E1 /* signin_background@2x.png in Resources */ = {isa = PBXBuildFile; fileRef = 94BD8AF313C8F9A2005B35E1 /* signin_background@2x.png */; };
		94BD8AF713C8F9A2005B35E1 /* signin_facebook_btn_select@2x.png in Resources */ = {isa = PBXBuildFile; fileRef = 94BD8AF413C8F9A2005B35E1 /* signin_facebook_btn_select@2x.png */; };
		94BD8AF813C8F9A2005B35E1 /* signin_facebook_btn@2x.png in Resources */ = {isa = PBXBuildFile; fileRef = 94BD8AF513C8F9A2005B35E1 /* signin_facebook_btn@2x.png */; };
		94BD8AFA13C8F9B9005B35E1 /* signin_background.png in Resources */ = {isa = PBXBuildFile; fileRef = 94BD8AF913C8F9B9005B35E1 /* signin_background.png */; };
		94BD8AFC13C8F9D2005B35E1 /* signin_facebook_btn.png in Resources */ = {isa = PBXBuildFile; fileRef = 94BD8AFB13C8F9D1005B35E1 /* signin_facebook_btn.png */; };
		94BD8AFE13C8FA33005B35E1 /* signin_facebook_btn_select.png in Resources */ = {isa = PBXBuildFile; fileRef = 94BD8AFD13C8FA33005B35E1 /* signin_facebook_btn_select.png */; };
		94C4182C133325F50032B2DA /* SendMessageViewController.m in Sources */ = {isa = PBXBuildFile; fileRef = 94C4182A133325F50032B2DA /* SendMessageViewController.m */; };
		94C4182D133325F50032B2DA /* SendMessageViewController.xib in Resources */ = {isa = PBXBuildFile; fileRef = 94C4182B133325F50032B2DA /* SendMessageViewController.xib */; };
		94C41849133328770032B2DA /* mel-gibson-braveheart.jpg in Resources */ = {isa = PBXBuildFile; fileRef = 94C41848133328770032B2DA /* mel-gibson-braveheart.jpg */; };
		94E933661322DAB70046EB0F /* AttackViewController.m in Sources */ = {isa = PBXBuildFile; fileRef = 94E933641322DAB70046EB0F /* AttackViewController.m */; };
		94E933671322DAB70046EB0F /* AttackViewController.xib in Resources */ = {isa = PBXBuildFile; fileRef = 94E933651322DAB70046EB0F /* AttackViewController.xib */; };
		94E93BA81331B4220046EB0F /* AddressBook.framework in Frameworks */ = {isa = PBXBuildFile; fileRef = 94E93BA71331B4220046EB0F /* AddressBook.framework */; };
		94E93BAA1331B4220046EB0F /* AddressBookUI.framework in Frameworks */ = {isa = PBXBuildFile; fileRef = 94E93BA91331B4220046EB0F /* AddressBookUI.framework */; };
		94E93C9E1331CCB80046EB0F /* WeaponScrollerViewController.m in Sources */ = {isa = PBXBuildFile; fileRef = 94E93C9C1331CCB80046EB0F /* WeaponScrollerViewController.m */; };
		94E93C9F1331CCB80046EB0F /* WeaponScrollerViewController.xib in Resources */ = {isa = PBXBuildFile; fileRef = 94E93C9D1331CCB80046EB0F /* WeaponScrollerViewController.xib */; };
		94E93CAF1331CE0C0046EB0F /* SingleWeaponViewController.m in Sources */ = {isa = PBXBuildFile; fileRef = 94E93CAD1331CE0C0046EB0F /* SingleWeaponViewController.m */; };
		94E93CB01331CE0C0046EB0F /* SingleWeaponViewController.xib in Resources */ = {isa = PBXBuildFile; fileRef = 94E93CAE1331CE0C0046EB0F /* SingleWeaponViewController.xib */; };
		94E93CD11331CF9B0046EB0F /* iphone_contents.plist in Resources */ = {isa = PBXBuildFile; fileRef = 94E93CD01331CF9B0046EB0F /* iphone_contents.plist */; };
		94EBD8DE13DFD6BD00A0D5C2 /* easter_chick.jpg in Resources */ = {isa = PBXBuildFile; fileRef = 94EBD8DB13DFD6BD00A0D5C2 /* easter_chick.jpg */; };
		94EBD8DF13DFD6BD00A0D5C2 /* trout.jpg in Resources */ = {isa = PBXBuildFile; fileRef = 94EBD8DC13DFD6BD00A0D5C2 /* trout.jpg */; };
		94EBD8E013DFD6BD00A0D5C2 /* lochness.jpg in Resources */ = {isa = PBXBuildFile; fileRef = 94EBD8DD13DFD6BD00A0D5C2 /* lochness.jpg */; };
		94EBD8E313E5E5C700A0D5C2 /* send_attack_btn.png in Resources */ = {isa = PBXBuildFile; fileRef = 94EBD8E113E5E5C700A0D5C2 /* send_attack_btn.png */; };
		94EBD8E413E5E5C700A0D5C2 /* send_attack_btn@2x.png in Resources */ = {isa = PBXBuildFile; fileRef = 94EBD8E213E5E5C700A0D5C2 /* send_attack_btn@2x.png */; };
		94EBD91513FB8C0C00A0D5C2 /* Facebook.m in Sources */ = {isa = PBXBuildFile; fileRef = 94EBD8FA13FB8C0C00A0D5C2 /* Facebook.m */; };
		94EBD91613FB8C0C00A0D5C2 /* FBDialog.bundle in Resources */ = {isa = PBXBuildFile; fileRef = 94EBD8FD13FB8C0C00A0D5C2 /* FBDialog.bundle */; };
		94EBD91713FB8C0C00A0D5C2 /* FBDialog.m in Sources */ = {isa = PBXBuildFile; fileRef = 94EBD8FF13FB8C0C00A0D5C2 /* FBDialog.m */; };
		94EBD91813FB8C0C00A0D5C2 /* FBLoginDialog.m in Sources */ = {isa = PBXBuildFile; fileRef = 94EBD90113FB8C0C00A0D5C2 /* FBLoginDialog.m */; };
		94EBD91913FB8C0C00A0D5C2 /* FBRequest.m in Sources */ = {isa = PBXBuildFile; fileRef = 94EBD90313FB8C0C00A0D5C2 /* FBRequest.m */; };
		94EBD91A13FB8C0C00A0D5C2 /* NSObject+SBJSON.m in Sources */ = {isa = PBXBuildFile; fileRef = 94EBD90713FB8C0C00A0D5C2 /* NSObject+SBJSON.m */; };
		94EBD91B13FB8C0C00A0D5C2 /* NSString+SBJSON.m in Sources */ = {isa = PBXBuildFile; fileRef = 94EBD90913FB8C0C00A0D5C2 /* NSString+SBJSON.m */; };
		94EBD91C13FB8C0C00A0D5C2 /* SBJSON.m in Sources */ = {isa = PBXBuildFile; fileRef = 94EBD90B13FB8C0C00A0D5C2 /* SBJSON.m */; };
		94EBD91D13FB8C0C00A0D5C2 /* SBJsonBase.m in Sources */ = {isa = PBXBuildFile; fileRef = 94EBD90D13FB8C0C00A0D5C2 /* SBJsonBase.m */; };
		94EBD91E13FB8C0C00A0D5C2 /* SBJsonParser.m in Sources */ = {isa = PBXBuildFile; fileRef = 94EBD90F13FB8C0C00A0D5C2 /* SBJsonParser.m */; };
		94EBD91F13FB8C0C00A0D5C2 /* SBJsonWriter.m in Sources */ = {isa = PBXBuildFile; fileRef = 94EBD91113FB8C0C00A0D5C2 /* SBJsonWriter.m */; };
		94EBD93813FB8E9700A0D5C2 /* ASIAuthenticationDialog.m in Sources */ = {isa = PBXBuildFile; fileRef = 94EBD92513FB8E9700A0D5C2 /* ASIAuthenticationDialog.m */; };
		94EBD93913FB8E9700A0D5C2 /* ASIDataCompressor.m in Sources */ = {isa = PBXBuildFile; fileRef = 94EBD92813FB8E9700A0D5C2 /* ASIDataCompressor.m */; };
		94EBD93A13FB8E9700A0D5C2 /* ASIDataDecompressor.m in Sources */ = {isa = PBXBuildFile; fileRef = 94EBD92A13FB8E9700A0D5C2 /* ASIDataDecompressor.m */; };
		94EBD93B13FB8E9700A0D5C2 /* ASIDownloadCache.m in Sources */ = {isa = PBXBuildFile; fileRef = 94EBD92C13FB8E9700A0D5C2 /* ASIDownloadCache.m */; };
		94EBD93C13FB8E9700A0D5C2 /* ASIFormDataRequest.m in Sources */ = {isa = PBXBuildFile; fileRef = 94EBD92E13FB8E9700A0D5C2 /* ASIFormDataRequest.m */; };
		94EBD93D13FB8E9700A0D5C2 /* ASIHTTPRequest.m in Sources */ = {isa = PBXBuildFile; fileRef = 94EBD93013FB8E9700A0D5C2 /* ASIHTTPRequest.m */; };
		94EBD93E13FB8E9700A0D5C2 /* ASIInputStream.m in Sources */ = {isa = PBXBuildFile; fileRef = 94EBD93413FB8E9700A0D5C2 /* ASIInputStream.m */; };
		94EBD93F13FB8E9700A0D5C2 /* ASINetworkQueue.m in Sources */ = {isa = PBXBuildFile; fileRef = 94EBD93613FB8E9700A0D5C2 /* ASINetworkQueue.m */; };
		94EBD94213FB8EB600A0D5C2 /* Reachability.m in Sources */ = {isa = PBXBuildFile; fileRef = 94EBD94113FB8EB600A0D5C2 /* Reachability.m */; };
		94EBD94613FB8F8E00A0D5C2 /* MBProgressHUD.m in Sources */ = {isa = PBXBuildFile; fileRef = 94EBD94513FB8F8E00A0D5C2 /* MBProgressHUD.m */; };
		94EBD96313FB906700A0D5C2 /* CDataScanner.m in Sources */ = {isa = PBXBuildFile; fileRef = 94EBD94B13FB906700A0D5C2 /* CDataScanner.m */; };
		94EBD96413FB906700A0D5C2 /* CDataScanner_Extensions.m in Sources */ = {isa = PBXBuildFile; fileRef = 94EBD94D13FB906700A0D5C2 /* CDataScanner_Extensions.m */; };
		94EBD96513FB906700A0D5C2 /* CJSONDataSerializer.m in Sources */ = {isa = PBXBuildFile; fileRef = 94EBD94F13FB906700A0D5C2 /* CJSONDataSerializer.m */; };
		94EBD96613FB906700A0D5C2 /* CJSONDeserializer.m in Sources */ = {isa = PBXBuildFile; fileRef = 94EBD95113FB906700A0D5C2 /* CJSONDeserializer.m */; };
		94EBD96713FB906700A0D5C2 /* CJSONScanner.m in Sources */ = {isa = PBXBuildFile; fileRef = 94EBD95313FB906700A0D5C2 /* CJSONScanner.m */; };
		94EBD96813FB906700A0D5C2 /* CJSONSerializer.m in Sources */ = {isa = PBXBuildFile; fileRef = 94EBD95513FB906700A0D5C2 /* CJSONSerializer.m */; };
		94EBD96913FB906700A0D5C2 /* CSerializedJSONData.m in Sources */ = {isa = PBXBuildFile; fileRef = 94EBD95713FB906700A0D5C2 /* CSerializedJSONData.m */; };
		94EBD96A13FB906700A0D5C2 /* NSCharacterSet_Extensions.m in Sources */ = {isa = PBXBuildFile; fileRef = 94EBD95913FB906700A0D5C2 /* NSCharacterSet_Extensions.m */; };
		94EBD96B13FB906700A0D5C2 /* NSScanner_Extensions.m in Sources */ = {isa = PBXBuildFile; fileRef = 94EBD95B13FB906700A0D5C2 /* NSScanner_Extensions.m */; };
		94EBD96C13FB906700A0D5C2 /* NSData+Base64.m in Sources */ = {isa = PBXBuildFile; fileRef = 94EBD95E13FB906700A0D5C2 /* NSData+Base64.m */; };
		94EBD96D13FB906700A0D5C2 /* MixpanelAPI.m in Sources */ = {isa = PBXBuildFile; fileRef = 94EBD96013FB906700A0D5C2 /* MixpanelAPI.m */; };
		94EBD96E13FB906700A0D5C2 /* MixpanelEvent.m in Sources */ = {isa = PBXBuildFile; fileRef = 94EBD96213FB906700A0D5C2 /* MixpanelEvent.m */; };
		94F7052713989157008584E4 /* AudioToolbox.framework in Frameworks */ = {isa = PBXBuildFile; fileRef = 94F7052613989157008584E4 /* AudioToolbox.framework */; };
		94F7052B13989184008584E4 /* Security.framework in Frameworks */ = {isa = PBXBuildFile; fileRef = 94F7052A13989184008584E4 /* Security.framework */; };
		94F7052F139891A0008584E4 /* CoreTelephony.framework in Frameworks */ = {isa = PBXBuildFile; fileRef = 94F7052E139891A0008584E4 /* CoreTelephony.framework */; settings = {ATTRIBUTES = (Weak, ); }; };
		94F70533139891B0008584E4 /* StoreKit.framework in Frameworks */ = {isa = PBXBuildFile; fileRef = 94F70532139891B0008584E4 /* StoreKit.framework */; settings = {ATTRIBUTES = (Required, ); }; };
		94F7056F13989415008584E4 /* AirshipConfig.plist in Resources */ = {isa = PBXBuildFile; fileRef = 94F7056E13989415008584E4 /* AirshipConfig.plist */; };
		94F705A713989661008584E4 /* UAPushMoreSettingsViewController.m in Sources */ = {isa = PBXBuildFile; fileRef = 94F7058613989661008584E4 /* UAPushMoreSettingsViewController.m */; };
		94F705A813989661008584E4 /* UAPushNotificationHandler.m in Sources */ = {isa = PBXBuildFile; fileRef = 94F7058813989661008584E4 /* UAPushNotificationHandler.m */; };
		94F705A913989661008584E4 /* UAPushSettingsAddTagViewController.m in Sources */ = {isa = PBXBuildFile; fileRef = 94F7058A13989661008584E4 /* UAPushSettingsAddTagViewController.m */; };
		94F705AA13989661008584E4 /* UAPushSettingsAliasViewController.m in Sources */ = {isa = PBXBuildFile; fileRef = 94F7058C13989661008584E4 /* UAPushSettingsAliasViewController.m */; };
		94F705AB13989661008584E4 /* UAPushSettingsSoundsViewController.m in Sources */ = {isa = PBXBuildFile; fileRef = 94F7058E13989661008584E4 /* UAPushSettingsSoundsViewController.m */; };
		94F705AC13989661008584E4 /* UAPushSettingsTagsViewController.m in Sources */ = {isa = PBXBuildFile; fileRef = 94F7059013989661008584E4 /* UAPushSettingsTagsViewController.m */; };
		94F705AD13989661008584E4 /* UAPushSettingsTokenViewController.m in Sources */ = {isa = PBXBuildFile; fileRef = 94F7059213989661008584E4 /* UAPushSettingsTokenViewController.m */; };
		94F705AE13989661008584E4 /* UAPushSettingsViewController.m in Sources */ = {isa = PBXBuildFile; fileRef = 94F7059413989661008584E4 /* UAPushSettingsViewController.m */; };
		94F705AF13989661008584E4 /* UAPushUI.m in Sources */ = {isa = PBXBuildFile; fileRef = 94F7059613989661008584E4 /* UAPushUI.m */; };
		94F705B013989661008584E4 /* bottom-detail.png in Resources */ = {isa = PBXBuildFile; fileRef = 94F7059913989661008584E4 /* bottom-detail.png */; };
		94F705B113989661008584E4 /* bottom-detail@2x.png in Resources */ = {isa = PBXBuildFile; fileRef = 94F7059A13989661008584E4 /* bottom-detail@2x.png */; };
		94F705B213989661008584E4 /* middle-detail.png in Resources */ = {isa = PBXBuildFile; fileRef = 94F7059B13989661008584E4 /* middle-detail.png */; };
		94F705B313989661008584E4 /* middle-detail@2x.png in Resources */ = {isa = PBXBuildFile; fileRef = 94F7059C13989661008584E4 /* middle-detail@2x.png */; };
		94F705B413989661008584E4 /* top-detail.png in Resources */ = {isa = PBXBuildFile; fileRef = 94F7059D13989661008584E4 /* top-detail.png */; };
		94F705B513989661008584E4 /* top-detail@2x.png in Resources */ = {isa = PBXBuildFile; fileRef = 94F7059E13989661008584E4 /* top-detail@2x.png */; };
		94F705B613989661008584E4 /* UAPushLocalization.bundle in Resources */ = {isa = PBXBuildFile; fileRef = 94F7059F13989661008584E4 /* UAPushLocalization.bundle */; };
		94F705B713989661008584E4 /* UAPushMoreSettingsView.xib in Resources */ = {isa = PBXBuildFile; fileRef = 94F705A013989661008584E4 /* UAPushMoreSettingsView.xib */; };
		94F705B813989661008584E4 /* UAPushSettingsAddTagViewController.xib in Resources */ = {isa = PBXBuildFile; fileRef = 94F705A113989661008584E4 /* UAPushSettingsAddTagViewController.xib */; };
		94F705B913989661008584E4 /* UAPushSettingsAliasView.xib in Resources */ = {isa = PBXBuildFile; fileRef = 94F705A213989661008584E4 /* UAPushSettingsAliasView.xib */; };
		94F705BA13989661008584E4 /* UAPushSettingsSoundsViewController.xib in Resources */ = {isa = PBXBuildFile; fileRef = 94F705A313989661008584E4 /* UAPushSettingsSoundsViewController.xib */; };
		94F705BB13989661008584E4 /* UAPushSettingsTagsViewController.xib in Resources */ = {isa = PBXBuildFile; fileRef = 94F705A413989661008584E4 /* UAPushSettingsTagsViewController.xib */; };
		94F705BC13989661008584E4 /* UAPushSettingsTokenView.xib in Resources */ = {isa = PBXBuildFile; fileRef = 94F705A513989661008584E4 /* UAPushSettingsTokenView.xib */; };
		94F705BD13989661008584E4 /* UAPushSettingsView.xib in Resources */ = {isa = PBXBuildFile; fileRef = 94F705A613989661008584E4 /* UAPushSettingsView.xib */; };
		94F70658139F2F6C008584E4 /* Icon.png in Resources */ = {isa = PBXBuildFile; fileRef = 94F70656139F2F6C008584E4 /* Icon.png */; };
		94F70659139F2F6C008584E4 /* Icon@2x.png in Resources */ = {isa = PBXBuildFile; fileRef = 94F70657139F2F6C008584E4 /* Icon@2x.png */; };
		94FBB1BF133FC853007F2B4E /* CFNetwork.framework in Frameworks */ = {isa = PBXBuildFile; fileRef = 94FBB1BE133FC853007F2B4E /* CFNetwork.framework */; };
		94FBB1C1133FC861007F2B4E /* SystemConfiguration.framework in Frameworks */ = {isa = PBXBuildFile; fileRef = 94FBB1C0133FC861007F2B4E /* SystemConfiguration.framework */; };
		94FBB1C3133FC86D007F2B4E /* MobileCoreServices.framework in Frameworks */ = {isa = PBXBuildFile; fileRef = 94FBB1C2133FC86D007F2B4E /* MobileCoreServices.framework */; };
		94FBB1C5133FC883007F2B4E /* libz.1.2.3.dylib in Frameworks */ = {isa = PBXBuildFile; fileRef = 94FBB1C4133FC883007F2B4E /* libz.1.2.3.dylib */; };
/* End PBXBuildFile section */

/* Begin PBXContainerItemProxy section */
		94EBD92113FB8C0D00A0D5C2 /* PBXContainerItemProxy */ = {
			isa = PBXContainerItemProxy;
			containerPortal = 94EBD8F613FB8C0C00A0D5C2 /* facebook-ios-sdk.xcodeproj */;
			proxyType = 2;
			remoteGlobalIDString = D2AAC07E0554694100DB518D;
			remoteInfo = "facebook-ios-sdk";
		};
/* End PBXContainerItemProxy section */

/* Begin PBXFileReference section */
		1D30AB110D05D00D00671497 /* Foundation.framework */ = {isa = PBXFileReference; lastKnownFileType = wrapper.framework; name = Foundation.framework; path = System/Library/Frameworks/Foundation.framework; sourceTree = SDKROOT; };
		1D3623240D0F684500981E51 /* AntAmbushAppDelegate.h */ = {isa = PBXFileReference; fileEncoding = 4; lastKnownFileType = sourcecode.c.h; path = AntAmbushAppDelegate.h; sourceTree = "<group>"; };
		1D3623250D0F684500981E51 /* AntAmbushAppDelegate.m */ = {isa = PBXFileReference; fileEncoding = 4; lastKnownFileType = sourcecode.c.objc; path = AntAmbushAppDelegate.m; sourceTree = "<group>"; };
		1D6058910D05DD3D006BFB54 /* AntAmbush.app */ = {isa = PBXFileReference; explicitFileType = wrapper.application; includeInIndex = 0; path = AntAmbush.app; sourceTree = BUILT_PRODUCTS_DIR; };
		1DF5F4DF0D08C38300B7A737 /* UIKit.framework */ = {isa = PBXFileReference; lastKnownFileType = wrapper.framework; name = UIKit.framework; path = System/Library/Frameworks/UIKit.framework; sourceTree = SDKROOT; };
		288765A40DF7441C002DB57D /* CoreGraphics.framework */ = {isa = PBXFileReference; lastKnownFileType = wrapper.framework; name = CoreGraphics.framework; path = System/Library/Frameworks/CoreGraphics.framework; sourceTree = SDKROOT; };
		2899E5210DE3E06400AC0155 /* AntAmbushViewController.xib */ = {isa = PBXFileReference; lastKnownFileType = file.xib; path = AntAmbushViewController.xib; sourceTree = "<group>"; };
		28AD733E0D9D9553002E5188 /* MainWindow.xib */ = {isa = PBXFileReference; lastKnownFileType = file.xib; path = MainWindow.xib; sourceTree = "<group>"; };
		28D7ACF60DDB3853001CB0EB /* AntAmbushViewController.h */ = {isa = PBXFileReference; fileEncoding = 4; lastKnownFileType = sourcecode.c.h; path = AntAmbushViewController.h; sourceTree = "<group>"; };
		28D7ACF70DDB3853001CB0EB /* AntAmbushViewController.m */ = {isa = PBXFileReference; fileEncoding = 4; lastKnownFileType = sourcecode.c.objc; path = AntAmbushViewController.m; sourceTree = "<group>"; };
		29B97316FDCFA39411CA2CEA /* main.m */ = {isa = PBXFileReference; fileEncoding = 4; lastKnownFileType = sourcecode.c.objc; path = main.m; sourceTree = "<group>"; };
		32CA4F630368D1EE00C91783 /* AntAmbush_Prefix.pch */ = {isa = PBXFileReference; fileEncoding = 4; lastKnownFileType = sourcecode.c.h; path = AntAmbush_Prefix.pch; sourceTree = "<group>"; };
		8D1107310486CEB800E47090 /* AntAmbush-Info.plist */ = {isa = PBXFileReference; fileEncoding = 4; lastKnownFileType = text.plist.xml; path = "AntAmbush-Info.plist"; plistStructureDefinitionIdentifier = "com.apple.xcode.plist.structure-definition.iphone.info-plist"; sourceTree = "<group>"; };
		94023E4C134AF6FA0075148F /* UIImageAlertView.h */ = {isa = PBXFileReference; fileEncoding = 4; lastKnownFileType = sourcecode.c.h; path = UIImageAlertView.h; sourceTree = "<group>"; };
		94023E4D134AF6FA0075148F /* UIImageAlertView.m */ = {isa = PBXFileReference; fileEncoding = 4; lastKnownFileType = sourcecode.c.objc; path = UIImageAlertView.m; sourceTree = "<group>"; };
		940240EA13556F2E0075148F /* RecentAttacksViewController.h */ = {isa = PBXFileReference; fileEncoding = 4; lastKnownFileType = sourcecode.c.h; path = RecentAttacksViewController.h; sourceTree = "<group>"; };
		940240EB13556F2E0075148F /* RecentAttacksViewController.m */ = {isa = PBXFileReference; fileEncoding = 4; lastKnownFileType = sourcecode.c.objc; path = RecentAttacksViewController.m; sourceTree = "<group>"; };
		940240EC13556F2E0075148F /* RecentAttacksViewController.xib */ = {isa = PBXFileReference; lastKnownFileType = file.xib; name = RecentAttacksViewController.xib; path = Classes/RecentAttacksViewController.xib; sourceTree = "<group>"; };
		942FD87913C56B58006ACD7F /* main_scroll.png */ = {isa = PBXFileReference; lastKnownFileType = image.png; path = main_scroll.png; sourceTree = "<group>"; };
		942FD87B13C56B6D006ACD7F /* main_scroll@2x.png */ = {isa = PBXFileReference; lastKnownFileType = image.png; path = "main_scroll@2x.png"; sourceTree = "<group>"; };
		942FD87D13C56BA0006ACD7F /* main_attack_btn@2x.png */ = {isa = PBXFileReference; lastKnownFileType = image.png; path = "main_attack_btn@2x.png"; sourceTree = "<group>"; };
		944E13D613B7FFA50084B889 /* main_background.png */ = {isa = PBXFileReference; lastKnownFileType = image.png; path = main_background.png; sourceTree = "<group>"; };
		944E13D813B800DD0084B889 /* main_attack_btn.png */ = {isa = PBXFileReference; lastKnownFileType = image.png; path = main_attack_btn.png; sourceTree = "<group>"; };
		944E13E413C2489C0084B889 /* libUAirship-1.0.5.a */ = {isa = PBXFileReference; lastKnownFileType = archive.ar; name = "libUAirship-1.0.5.a"; path = "Airship/libUAirship-1.0.5.a"; sourceTree = "<group>"; };
		944E13E613C24DEA0084B889 /* MessageUI.framework */ = {isa = PBXFileReference; lastKnownFileType = wrapper.framework; name = MessageUI.framework; path = System/Library/Frameworks/MessageUI.framework; sourceTree = SDKROOT; };
		944E13E813C567D40084B889 /* Icon-Small.png */ = {isa = PBXFileReference; lastKnownFileType = image.png; path = "Icon-Small.png"; sourceTree = "<group>"; };
		944E13E913C567D50084B889 /* Icon-Small@2x.png */ = {isa = PBXFileReference; lastKnownFileType = image.png; path = "Icon-Small@2x.png"; sourceTree = "<group>"; };
		944E13EC13C569570084B889 /* Default.png */ = {isa = PBXFileReference; lastKnownFileType = image.png; path = Default.png; sourceTree = "<group>"; };
		944E13ED13C569570084B889 /* Default@2x.png */ = {isa = PBXFileReference; lastKnownFileType = image.png; path = "Default@2x.png"; sourceTree = "<group>"; };
		944E13F213C56A5A0084B889 /* main_background@2x.png */ = {isa = PBXFileReference; lastKnownFileType = image.png; path = "main_background@2x.png"; sourceTree = "<group>"; };
		946210D91369435A0073CBDF /* SettingsViewController.h */ = {isa = PBXFileReference; fileEncoding = 4; lastKnownFileType = sourcecode.c.h; path = SettingsViewController.h; sourceTree = "<group>"; };
		946210DA1369435A0073CBDF /* SettingsViewController.m */ = {isa = PBXFileReference; fileEncoding = 4; lastKnownFileType = sourcecode.c.objc; path = SettingsViewController.m; sourceTree = "<group>"; };
		946210DB1369435A0073CBDF /* SettingsViewController.xib */ = {isa = PBXFileReference; lastKnownFileType = file.xib; name = SettingsViewController.xib; path = Classes/SettingsViewController.xib; sourceTree = "<group>"; };
		949EBE85135E28CA002EAEA6 /* ContactListPicker.h */ = {isa = PBXFileReference; fileEncoding = 4; lastKnownFileType = sourcecode.c.h; path = ContactListPicker.h; sourceTree = "<group>"; };
		949EBE86135E28CA002EAEA6 /* ContactListPicker.m */ = {isa = PBXFileReference; fileEncoding = 4; lastKnownFileType = sourcecode.c.objc; path = ContactListPicker.m; sourceTree = "<group>"; };
		949EBEDC13627A05002EAEA6 /* RecentAttacksTableViewCell.h */ = {isa = PBXFileReference; fileEncoding = 4; lastKnownFileType = sourcecode.c.h; path = RecentAttacksTableViewCell.h; sourceTree = "<group>"; };
		949EBEDD13627A05002EAEA6 /* RecentAttacksTableViewCell.m */ = {isa = PBXFileReference; fileEncoding = 4; lastKnownFileType = sourcecode.c.objc; path = RecentAttacksTableViewCell.m; sourceTree = "<group>"; };
		94A488691380AD0900DAB3AC /* FacebookWrapper.h */ = {isa = PBXFileReference; fileEncoding = 4; lastKnownFileType = sourcecode.c.h; path = FacebookWrapper.h; sourceTree = "<group>"; };
		94A4886A1380AD0900DAB3AC /* FacebookWrapper.m */ = {isa = PBXFileReference; fileEncoding = 4; lastKnownFileType = sourcecode.c.objc; path = FacebookWrapper.m; sourceTree = "<group>"; };
		94A489D813810F2100DAB3AC /* FBTableViewController.h */ = {isa = PBXFileReference; fileEncoding = 4; lastKnownFileType = sourcecode.c.h; path = FBTableViewController.h; sourceTree = "<group>"; };
		94A489D913810F2100DAB3AC /* FBTableViewController.m */ = {isa = PBXFileReference; fileEncoding = 4; lastKnownFileType = sourcecode.c.objc; path = FBTableViewController.m; sourceTree = "<group>"; };
		94A489DA13810F2100DAB3AC /* FBTableViewController.xib */ = {isa = PBXFileReference; lastKnownFileType = file.xib; name = FBTableViewController.xib; path = Classes/FBTableViewController.xib; sourceTree = "<group>"; };
		94A48BB4138A2DE100DAB3AC /* FacebookUser.h */ = {isa = PBXFileReference; fileEncoding = 4; lastKnownFileType = sourcecode.c.h; path = FacebookUser.h; sourceTree = "<group>"; };
		94A48BB5138A2DE100DAB3AC /* FacebookUser.m */ = {isa = PBXFileReference; fileEncoding = 4; lastKnownFileType = sourcecode.c.objc; path = FacebookUser.m; sourceTree = "<group>"; };
		94A576FA1404B753007DC2B1 /* gorilla.jpg */ = {isa = PBXFileReference; lastKnownFileType = image.jpeg; path = gorilla.jpg; sourceTree = "<group>"; };
		94A576FC1404B75C007DC2B1 /* xmas_pups.jpg */ = {isa = PBXFileReference; lastKnownFileType = image.jpeg; path = xmas_pups.jpg; sourceTree = "<group>"; };
		94A725C81336CFCA00414CF3 /* libsqlite3.0.dylib */ = {isa = PBXFileReference; lastKnownFileType = "compiled.mach-o.dylib"; name = libsqlite3.0.dylib; path = usr/lib/libsqlite3.0.dylib; sourceTree = SDKROOT; };
		94A725CC1336D03C00414CF3 /* History.h */ = {isa = PBXFileReference; fileEncoding = 4; lastKnownFileType = sourcecode.c.h; path = History.h; sourceTree = "<group>"; };
		94A725CD1336D03C00414CF3 /* History.m */ = {isa = PBXFileReference; fileEncoding = 4; lastKnownFileType = sourcecode.c.objc; path = History.m; sourceTree = "<group>"; };
		94A7289013387B5400414CF3 /* database.sql */ = {isa = PBXFileReference; fileEncoding = 4; lastKnownFileType = text; path = database.sql; sourceTree = "<group>"; };
		94A728AA1338820800414CF3 /* recentAttacks.db */ = {isa = PBXFileReference; lastKnownFileType = file; path = recentAttacks.db; sourceTree = "<group>"; };
		94A728BE1338827900414CF3 /* Attack.h */ = {isa = PBXFileReference; fileEncoding = 4; lastKnownFileType = sourcecode.c.h; path = Attack.h; sourceTree = "<group>"; };
		94A728BF1338827900414CF3 /* Attack.m */ = {isa = PBXFileReference; fileEncoding = 4; lastKnownFileType = sourcecode.c.objc; path = Attack.m; sourceTree = "<group>"; };
		94B211201363A57400DA627E /* SingleAttackViewController.h */ = {isa = PBXFileReference; fileEncoding = 4; lastKnownFileType = sourcecode.c.h; path = SingleAttackViewController.h; sourceTree = "<group>"; };
		94B211211363A57400DA627E /* SingleAttackViewController.m */ = {isa = PBXFileReference; fileEncoding = 4; lastKnownFileType = sourcecode.c.objc; path = SingleAttackViewController.m; sourceTree = "<group>"; };
		94B211221363A57400DA627E /* SingleAttackViewController.xib */ = {isa = PBXFileReference; lastKnownFileType = file.xib; name = SingleAttackViewController.xib; path = Classes/SingleAttackViewController.xib; sourceTree = "<group>"; };
		94B983371345AA0F00090947 /* SigninViewController.h */ = {isa = PBXFileReference; fileEncoding = 4; lastKnownFileType = sourcecode.c.h; path = SigninViewController.h; sourceTree = "<group>"; };
		94B983381345AA0F00090947 /* SigninViewController.m */ = {isa = PBXFileReference; fileEncoding = 4; lastKnownFileType = sourcecode.c.objc; path = SigninViewController.m; sourceTree = "<group>"; };
		94B983391345AA0F00090947 /* SigninViewController.xib */ = {isa = PBXFileReference; lastKnownFileType = file.xib; name = SigninViewController.xib; path = Classes/SigninViewController.xib; sourceTree = "<group>"; };
		94BD8AE913C6D0AB005B35E1 /* happy_piglet.jpg */ = {isa = PBXFileReference; lastKnownFileType = image.jpeg; path = happy_piglet.jpg; sourceTree = "<group>"; };
		94BD8AEA13C6D0AB005B35E1 /* beagle_attack.jpg */ = {isa = PBXFileReference; lastKnownFileType = image.jpeg; path = beagle_attack.jpg; sourceTree = "<group>"; };
		94BD8AEB13C6D0AB005B35E1 /* honey_badger.jpg */ = {isa = PBXFileReference; lastKnownFileType = image.jpeg; path = honey_badger.jpg; sourceTree = "<group>"; };
		94BD8AEC13C6D0AB005B35E1 /* sad_panda.jpg */ = {isa = PBXFileReference; lastKnownFileType = image.jpeg; path = sad_panda.jpg; sourceTree = "<group>"; };
		94BD8AED13C6D0AB005B35E1 /* high_kittens.jpg */ = {isa = PBXFileReference; lastKnownFileType = image.jpeg; path = high_kittens.jpg; sourceTree = "<group>"; };
		94BD8AF313C8F9A2005B35E1 /* signin_background@2x.png */ = {isa = PBXFileReference; lastKnownFileType = image.png; path = "signin_background@2x.png"; sourceTree = "<group>"; };
		94BD8AF413C8F9A2005B35E1 /* signin_facebook_btn_select@2x.png */ = {isa = PBXFileReference; lastKnownFileType = image.png; path = "signin_facebook_btn_select@2x.png"; sourceTree = "<group>"; };
		94BD8AF513C8F9A2005B35E1 /* signin_facebook_btn@2x.png */ = {isa = PBXFileReference; lastKnownFileType = image.png; path = "signin_facebook_btn@2x.png"; sourceTree = "<group>"; };
		94BD8AF913C8F9B9005B35E1 /* signin_background.png */ = {isa = PBXFileReference; lastKnownFileType = image.png; path = signin_background.png; sourceTree = "<group>"; };
		94BD8AFB13C8F9D1005B35E1 /* signin_facebook_btn.png */ = {isa = PBXFileReference; lastKnownFileType = image.png; path = signin_facebook_btn.png; sourceTree = "<group>"; };
		94BD8AFD13C8FA33005B35E1 /* signin_facebook_btn_select.png */ = {isa = PBXFileReference; lastKnownFileType = image.png; path = signin_facebook_btn_select.png; sourceTree = "<group>"; };
		94C41829133325F50032B2DA /* SendMessageViewController.h */ = {isa = PBXFileReference; fileEncoding = 4; lastKnownFileType = sourcecode.c.h; path = SendMessageViewController.h; sourceTree = "<group>"; };
		94C4182A133325F50032B2DA /* SendMessageViewController.m */ = {isa = PBXFileReference; fileEncoding = 4; lastKnownFileType = sourcecode.c.objc; path = SendMessageViewController.m; sourceTree = "<group>"; };
		94C4182B133325F50032B2DA /* SendMessageViewController.xib */ = {isa = PBXFileReference; lastKnownFileType = file.xib; name = SendMessageViewController.xib; path = Classes/SendMessageViewController.xib; sourceTree = "<group>"; };
		94C41848133328770032B2DA /* mel-gibson-braveheart.jpg */ = {isa = PBXFileReference; lastKnownFileType = image.jpeg; path = "mel-gibson-braveheart.jpg"; sourceTree = "<group>"; };
		94E933631322DAB70046EB0F /* AttackViewController.h */ = {isa = PBXFileReference; fileEncoding = 4; lastKnownFileType = sourcecode.c.h; path = AttackViewController.h; sourceTree = "<group>"; };
		94E933641322DAB70046EB0F /* AttackViewController.m */ = {isa = PBXFileReference; fileEncoding = 4; lastKnownFileType = sourcecode.c.objc; path = AttackViewController.m; sourceTree = "<group>"; };
		94E933651322DAB70046EB0F /* AttackViewController.xib */ = {isa = PBXFileReference; lastKnownFileType = file.xib; name = AttackViewController.xib; path = Classes/AttackViewController.xib; sourceTree = "<group>"; };
		94E93BA71331B4220046EB0F /* AddressBook.framework */ = {isa = PBXFileReference; lastKnownFileType = wrapper.framework; name = AddressBook.framework; path = System/Library/Frameworks/AddressBook.framework; sourceTree = SDKROOT; };
		94E93BA91331B4220046EB0F /* AddressBookUI.framework */ = {isa = PBXFileReference; lastKnownFileType = wrapper.framework; name = AddressBookUI.framework; path = System/Library/Frameworks/AddressBookUI.framework; sourceTree = SDKROOT; };
		94E93C9B1331CCB80046EB0F /* WeaponScrollerViewController.h */ = {isa = PBXFileReference; fileEncoding = 4; lastKnownFileType = sourcecode.c.h; path = WeaponScrollerViewController.h; sourceTree = "<group>"; };
		94E93C9C1331CCB80046EB0F /* WeaponScrollerViewController.m */ = {isa = PBXFileReference; fileEncoding = 4; lastKnownFileType = sourcecode.c.objc; path = WeaponScrollerViewController.m; sourceTree = "<group>"; };
		94E93C9D1331CCB80046EB0F /* WeaponScrollerViewController.xib */ = {isa = PBXFileReference; lastKnownFileType = file.xib; name = WeaponScrollerViewController.xib; path = Classes/WeaponScrollerViewController.xib; sourceTree = "<group>"; };
		94E93CAC1331CE0C0046EB0F /* SingleWeaponViewController.h */ = {isa = PBXFileReference; fileEncoding = 4; lastKnownFileType = sourcecode.c.h; path = SingleWeaponViewController.h; sourceTree = "<group>"; };
		94E93CAD1331CE0C0046EB0F /* SingleWeaponViewController.m */ = {isa = PBXFileReference; fileEncoding = 4; lastKnownFileType = sourcecode.c.objc; path = SingleWeaponViewController.m; sourceTree = "<group>"; };
		94E93CAE1331CE0C0046EB0F /* SingleWeaponViewController.xib */ = {isa = PBXFileReference; lastKnownFileType = file.xib; name = SingleWeaponViewController.xib; path = Classes/SingleWeaponViewController.xib; sourceTree = "<group>"; };
		94E93CD01331CF9B0046EB0F /* iphone_contents.plist */ = {isa = PBXFileReference; fileEncoding = 4; lastKnownFileType = text.plist.xml; path = iphone_contents.plist; sourceTree = "<group>"; };
		94EBD8DB13DFD6BD00A0D5C2 /* easter_chick.jpg */ = {isa = PBXFileReference; lastKnownFileType = image.jpeg; path = easter_chick.jpg; sourceTree = "<group>"; };
		94EBD8DC13DFD6BD00A0D5C2 /* trout.jpg */ = {isa = PBXFileReference; lastKnownFileType = image.jpeg; path = trout.jpg; sourceTree = "<group>"; };
		94EBD8DD13DFD6BD00A0D5C2 /* lochness.jpg */ = {isa = PBXFileReference; lastKnownFileType = image.jpeg; path = lochness.jpg; sourceTree = "<group>"; };
		94EBD8E113E5E5C700A0D5C2 /* send_attack_btn.png */ = {isa = PBXFileReference; lastKnownFileType = image.png; path = send_attack_btn.png; sourceTree = "<group>"; };
		94EBD8E213E5E5C700A0D5C2 /* send_attack_btn@2x.png */ = {isa = PBXFileReference; lastKnownFileType = image.png; path = "send_attack_btn@2x.png"; sourceTree = "<group>"; };
		94EBD8F613FB8C0C00A0D5C2 /* facebook-ios-sdk.xcodeproj */ = {isa = PBXFileReference; lastKnownFileType = "wrapper.pb-project"; path = "facebook-ios-sdk.xcodeproj"; sourceTree = "<group>"; };
		94EBD8F913FB8C0C00A0D5C2 /* Facebook.h */ = {isa = PBXFileReference; fileEncoding = 4; lastKnownFileType = sourcecode.c.h; path = Facebook.h; sourceTree = "<group>"; };
		94EBD8FA13FB8C0C00A0D5C2 /* Facebook.m */ = {isa = PBXFileReference; fileEncoding = 4; lastKnownFileType = sourcecode.c.objc; path = Facebook.m; sourceTree = "<group>"; };
		94EBD8FB13FB8C0C00A0D5C2 /* facebook_ios_sdk_Prefix.pch */ = {isa = PBXFileReference; fileEncoding = 4; lastKnownFileType = sourcecode.c.h; path = facebook_ios_sdk_Prefix.pch; sourceTree = "<group>"; };
		94EBD8FC13FB8C0C00A0D5C2 /* FBConnect.h */ = {isa = PBXFileReference; fileEncoding = 4; lastKnownFileType = sourcecode.c.h; path = FBConnect.h; sourceTree = "<group>"; };
		94EBD8FD13FB8C0C00A0D5C2 /* FBDialog.bundle */ = {isa = PBXFileReference; lastKnownFileType = "wrapper.plug-in"; path = FBDialog.bundle; sourceTree = "<group>"; };
		94EBD8FE13FB8C0C00A0D5C2 /* FBDialog.h */ = {isa = PBXFileReference; fileEncoding = 4; lastKnownFileType = sourcecode.c.h; path = FBDialog.h; sourceTree = "<group>"; };
		94EBD8FF13FB8C0C00A0D5C2 /* FBDialog.m */ = {isa = PBXFileReference; fileEncoding = 4; lastKnownFileType = sourcecode.c.objc; path = FBDialog.m; sourceTree = "<group>"; };
		94EBD90013FB8C0C00A0D5C2 /* FBLoginDialog.h */ = {isa = PBXFileReference; fileEncoding = 4; lastKnownFileType = sourcecode.c.h; path = FBLoginDialog.h; sourceTree = "<group>"; };
		94EBD90113FB8C0C00A0D5C2 /* FBLoginDialog.m */ = {isa = PBXFileReference; fileEncoding = 4; lastKnownFileType = sourcecode.c.objc; path = FBLoginDialog.m; sourceTree = "<group>"; };
		94EBD90213FB8C0C00A0D5C2 /* FBRequest.h */ = {isa = PBXFileReference; fileEncoding = 4; lastKnownFileType = sourcecode.c.h; path = FBRequest.h; sourceTree = "<group>"; };
		94EBD90313FB8C0C00A0D5C2 /* FBRequest.m */ = {isa = PBXFileReference; fileEncoding = 4; lastKnownFileType = sourcecode.c.objc; path = FBRequest.m; sourceTree = "<group>"; };
		94EBD90513FB8C0C00A0D5C2 /* JSON.h */ = {isa = PBXFileReference; fileEncoding = 4; lastKnownFileType = sourcecode.c.h; path = JSON.h; sourceTree = "<group>"; };
		94EBD90613FB8C0C00A0D5C2 /* NSObject+SBJSON.h */ = {isa = PBXFileReference; fileEncoding = 4; lastKnownFileType = sourcecode.c.h; path = "NSObject+SBJSON.h"; sourceTree = "<group>"; };
		94EBD90713FB8C0C00A0D5C2 /* NSObject+SBJSON.m */ = {isa = PBXFileReference; fileEncoding = 4; lastKnownFileType = sourcecode.c.objc; path = "NSObject+SBJSON.m"; sourceTree = "<group>"; };
		94EBD90813FB8C0C00A0D5C2 /* NSString+SBJSON.h */ = {isa = PBXFileReference; fileEncoding = 4; lastKnownFileType = sourcecode.c.h; path = "NSString+SBJSON.h"; sourceTree = "<group>"; };
		94EBD90913FB8C0C00A0D5C2 /* NSString+SBJSON.m */ = {isa = PBXFileReference; fileEncoding = 4; lastKnownFileType = sourcecode.c.objc; path = "NSString+SBJSON.m"; sourceTree = "<group>"; };
		94EBD90A13FB8C0C00A0D5C2 /* SBJSON.h */ = {isa = PBXFileReference; fileEncoding = 4; lastKnownFileType = sourcecode.c.h; path = SBJSON.h; sourceTree = "<group>"; };
		94EBD90B13FB8C0C00A0D5C2 /* SBJSON.m */ = {isa = PBXFileReference; fileEncoding = 4; lastKnownFileType = sourcecode.c.objc; path = SBJSON.m; sourceTree = "<group>"; };
		94EBD90C13FB8C0C00A0D5C2 /* SBJsonBase.h */ = {isa = PBXFileReference; fileEncoding = 4; lastKnownFileType = sourcecode.c.h; path = SBJsonBase.h; sourceTree = "<group>"; };
		94EBD90D13FB8C0C00A0D5C2 /* SBJsonBase.m */ = {isa = PBXFileReference; fileEncoding = 4; lastKnownFileType = sourcecode.c.objc; path = SBJsonBase.m; sourceTree = "<group>"; };
		94EBD90E13FB8C0C00A0D5C2 /* SBJsonParser.h */ = {isa = PBXFileReference; fileEncoding = 4; lastKnownFileType = sourcecode.c.h; path = SBJsonParser.h; sourceTree = "<group>"; };
		94EBD90F13FB8C0C00A0D5C2 /* SBJsonParser.m */ = {isa = PBXFileReference; fileEncoding = 4; lastKnownFileType = sourcecode.c.objc; path = SBJsonParser.m; sourceTree = "<group>"; };
		94EBD91013FB8C0C00A0D5C2 /* SBJsonWriter.h */ = {isa = PBXFileReference; fileEncoding = 4; lastKnownFileType = sourcecode.c.h; path = SBJsonWriter.h; sourceTree = "<group>"; };
		94EBD91113FB8C0C00A0D5C2 /* SBJsonWriter.m */ = {isa = PBXFileReference; fileEncoding = 4; lastKnownFileType = sourcecode.c.objc; path = SBJsonWriter.m; sourceTree = "<group>"; };
		94EBD92413FB8E9700A0D5C2 /* ASIAuthenticationDialog.h */ = {isa = PBXFileReference; fileEncoding = 4; lastKnownFileType = sourcecode.c.h; name = ASIAuthenticationDialog.h; path = External/asihttprequest/Classes/ASIAuthenticationDialog.h; sourceTree = "<group>"; };
		94EBD92513FB8E9700A0D5C2 /* ASIAuthenticationDialog.m */ = {isa = PBXFileReference; fileEncoding = 4; lastKnownFileType = sourcecode.c.objc; name = ASIAuthenticationDialog.m; path = External/asihttprequest/Classes/ASIAuthenticationDialog.m; sourceTree = "<group>"; };
		94EBD92613FB8E9700A0D5C2 /* ASICacheDelegate.h */ = {isa = PBXFileReference; fileEncoding = 4; lastKnownFileType = sourcecode.c.h; name = ASICacheDelegate.h; path = External/asihttprequest/Classes/ASICacheDelegate.h; sourceTree = "<group>"; };
		94EBD92713FB8E9700A0D5C2 /* ASIDataCompressor.h */ = {isa = PBXFileReference; fileEncoding = 4; lastKnownFileType = sourcecode.c.h; name = ASIDataCompressor.h; path = External/asihttprequest/Classes/ASIDataCompressor.h; sourceTree = "<group>"; };
		94EBD92813FB8E9700A0D5C2 /* ASIDataCompressor.m */ = {isa = PBXFileReference; fileEncoding = 4; lastKnownFileType = sourcecode.c.objc; name = ASIDataCompressor.m; path = External/asihttprequest/Classes/ASIDataCompressor.m; sourceTree = "<group>"; };
		94EBD92913FB8E9700A0D5C2 /* ASIDataDecompressor.h */ = {isa = PBXFileReference; fileEncoding = 4; lastKnownFileType = sourcecode.c.h; name = ASIDataDecompressor.h; path = External/asihttprequest/Classes/ASIDataDecompressor.h; sourceTree = "<group>"; };
		94EBD92A13FB8E9700A0D5C2 /* ASIDataDecompressor.m */ = {isa = PBXFileReference; fileEncoding = 4; lastKnownFileType = sourcecode.c.objc; name = ASIDataDecompressor.m; path = External/asihttprequest/Classes/ASIDataDecompressor.m; sourceTree = "<group>"; };
		94EBD92B13FB8E9700A0D5C2 /* ASIDownloadCache.h */ = {isa = PBXFileReference; fileEncoding = 4; lastKnownFileType = sourcecode.c.h; name = ASIDownloadCache.h; path = External/asihttprequest/Classes/ASIDownloadCache.h; sourceTree = "<group>"; };
		94EBD92C13FB8E9700A0D5C2 /* ASIDownloadCache.m */ = {isa = PBXFileReference; fileEncoding = 4; lastKnownFileType = sourcecode.c.objc; name = ASIDownloadCache.m; path = External/asihttprequest/Classes/ASIDownloadCache.m; sourceTree = "<group>"; };
		94EBD92D13FB8E9700A0D5C2 /* ASIFormDataRequest.h */ = {isa = PBXFileReference; fileEncoding = 4; lastKnownFileType = sourcecode.c.h; name = ASIFormDataRequest.h; path = External/asihttprequest/Classes/ASIFormDataRequest.h; sourceTree = "<group>"; };
		94EBD92E13FB8E9700A0D5C2 /* ASIFormDataRequest.m */ = {isa = PBXFileReference; fileEncoding = 4; lastKnownFileType = sourcecode.c.objc; name = ASIFormDataRequest.m; path = External/asihttprequest/Classes/ASIFormDataRequest.m; sourceTree = "<group>"; };
		94EBD92F13FB8E9700A0D5C2 /* ASIHTTPRequest.h */ = {isa = PBXFileReference; fileEncoding = 4; lastKnownFileType = sourcecode.c.h; name = ASIHTTPRequest.h; path = External/asihttprequest/Classes/ASIHTTPRequest.h; sourceTree = "<group>"; };
		94EBD93013FB8E9700A0D5C2 /* ASIHTTPRequest.m */ = {isa = PBXFileReference; fileEncoding = 4; lastKnownFileType = sourcecode.c.objc; name = ASIHTTPRequest.m; path = External/asihttprequest/Classes/ASIHTTPRequest.m; sourceTree = "<group>"; };
		94EBD93113FB8E9700A0D5C2 /* ASIHTTPRequestConfig.h */ = {isa = PBXFileReference; fileEncoding = 4; lastKnownFileType = sourcecode.c.h; name = ASIHTTPRequestConfig.h; path = External/asihttprequest/Classes/ASIHTTPRequestConfig.h; sourceTree = "<group>"; };
		94EBD93213FB8E9700A0D5C2 /* ASIHTTPRequestDelegate.h */ = {isa = PBXFileReference; fileEncoding = 4; lastKnownFileType = sourcecode.c.h; name = ASIHTTPRequestDelegate.h; path = External/asihttprequest/Classes/ASIHTTPRequestDelegate.h; sourceTree = "<group>"; };
		94EBD93313FB8E9700A0D5C2 /* ASIInputStream.h */ = {isa = PBXFileReference; fileEncoding = 4; lastKnownFileType = sourcecode.c.h; name = ASIInputStream.h; path = External/asihttprequest/Classes/ASIInputStream.h; sourceTree = "<group>"; };
		94EBD93413FB8E9700A0D5C2 /* ASIInputStream.m */ = {isa = PBXFileReference; fileEncoding = 4; lastKnownFileType = sourcecode.c.objc; name = ASIInputStream.m; path = External/asihttprequest/Classes/ASIInputStream.m; sourceTree = "<group>"; };
		94EBD93513FB8E9700A0D5C2 /* ASINetworkQueue.h */ = {isa = PBXFileReference; fileEncoding = 4; lastKnownFileType = sourcecode.c.h; name = ASINetworkQueue.h; path = External/asihttprequest/Classes/ASINetworkQueue.h; sourceTree = "<group>"; };
		94EBD93613FB8E9700A0D5C2 /* ASINetworkQueue.m */ = {isa = PBXFileReference; fileEncoding = 4; lastKnownFileType = sourcecode.c.objc; name = ASINetworkQueue.m; path = External/asihttprequest/Classes/ASINetworkQueue.m; sourceTree = "<group>"; };
		94EBD93713FB8E9700A0D5C2 /* ASIProgressDelegate.h */ = {isa = PBXFileReference; fileEncoding = 4; lastKnownFileType = sourcecode.c.h; name = ASIProgressDelegate.h; path = External/asihttprequest/Classes/ASIProgressDelegate.h; sourceTree = "<group>"; };
		94EBD94013FB8EB600A0D5C2 /* Reachability.h */ = {isa = PBXFileReference; fileEncoding = 4; lastKnownFileType = sourcecode.c.h; name = Reachability.h; path = External/asihttprequest/External/Reachability/Reachability.h; sourceTree = "<group>"; };
		94EBD94113FB8EB600A0D5C2 /* Reachability.m */ = {isa = PBXFileReference; fileEncoding = 4; lastKnownFileType = sourcecode.c.objc; name = Reachability.m; path = External/asihttprequest/External/Reachability/Reachability.m; sourceTree = "<group>"; };
		94EBD94413FB8F8E00A0D5C2 /* MBProgressHUD.h */ = {isa = PBXFileReference; fileEncoding = 4; lastKnownFileType = sourcecode.c.h; name = MBProgressHUD.h; path = External/mbprogresshud/MBProgressHUD.h; sourceTree = "<group>"; };
		94EBD94513FB8F8E00A0D5C2 /* MBProgressHUD.m */ = {isa = PBXFileReference; fileEncoding = 4; lastKnownFileType = sourcecode.c.objc; name = MBProgressHUD.m; path = External/mbprogresshud/MBProgressHUD.m; sourceTree = "<group>"; };
		94EBD94A13FB906700A0D5C2 /* CDataScanner.h */ = {isa = PBXFileReference; fileEncoding = 4; lastKnownFileType = sourcecode.c.h; path = CDataScanner.h; sourceTree = "<group>"; };
		94EBD94B13FB906700A0D5C2 /* CDataScanner.m */ = {isa = PBXFileReference; fileEncoding = 4; lastKnownFileType = sourcecode.c.objc; path = CDataScanner.m; sourceTree = "<group>"; };
		94EBD94C13FB906700A0D5C2 /* CDataScanner_Extensions.h */ = {isa = PBXFileReference; fileEncoding = 4; lastKnownFileType = sourcecode.c.h; path = CDataScanner_Extensions.h; sourceTree = "<group>"; };
		94EBD94D13FB906700A0D5C2 /* CDataScanner_Extensions.m */ = {isa = PBXFileReference; fileEncoding = 4; lastKnownFileType = sourcecode.c.objc; path = CDataScanner_Extensions.m; sourceTree = "<group>"; };
		94EBD94E13FB906700A0D5C2 /* CJSONDataSerializer.h */ = {isa = PBXFileReference; fileEncoding = 4; lastKnownFileType = sourcecode.c.h; path = CJSONDataSerializer.h; sourceTree = "<group>"; };
		94EBD94F13FB906700A0D5C2 /* CJSONDataSerializer.m */ = {isa = PBXFileReference; fileEncoding = 4; lastKnownFileType = sourcecode.c.objc; path = CJSONDataSerializer.m; sourceTree = "<group>"; };
		94EBD95013FB906700A0D5C2 /* CJSONDeserializer.h */ = {isa = PBXFileReference; fileEncoding = 4; lastKnownFileType = sourcecode.c.h; path = CJSONDeserializer.h; sourceTree = "<group>"; };
		94EBD95113FB906700A0D5C2 /* CJSONDeserializer.m */ = {isa = PBXFileReference; fileEncoding = 4; lastKnownFileType = sourcecode.c.objc; path = CJSONDeserializer.m; sourceTree = "<group>"; };
		94EBD95213FB906700A0D5C2 /* CJSONScanner.h */ = {isa = PBXFileReference; fileEncoding = 4; lastKnownFileType = sourcecode.c.h; path = CJSONScanner.h; sourceTree = "<group>"; };
		94EBD95313FB906700A0D5C2 /* CJSONScanner.m */ = {isa = PBXFileReference; fileEncoding = 4; lastKnownFileType = sourcecode.c.objc; path = CJSONScanner.m; sourceTree = "<group>"; };
		94EBD95413FB906700A0D5C2 /* CJSONSerializer.h */ = {isa = PBXFileReference; fileEncoding = 4; lastKnownFileType = sourcecode.c.h; path = CJSONSerializer.h; sourceTree = "<group>"; };
		94EBD95513FB906700A0D5C2 /* CJSONSerializer.m */ = {isa = PBXFileReference; fileEncoding = 4; lastKnownFileType = sourcecode.c.objc; path = CJSONSerializer.m; sourceTree = "<group>"; };
		94EBD95613FB906700A0D5C2 /* CSerializedJSONData.h */ = {isa = PBXFileReference; fileEncoding = 4; lastKnownFileType = sourcecode.c.h; path = CSerializedJSONData.h; sourceTree = "<group>"; };
		94EBD95713FB906700A0D5C2 /* CSerializedJSONData.m */ = {isa = PBXFileReference; fileEncoding = 4; lastKnownFileType = sourcecode.c.objc; path = CSerializedJSONData.m; sourceTree = "<group>"; };
		94EBD95813FB906700A0D5C2 /* NSCharacterSet_Extensions.h */ = {isa = PBXFileReference; fileEncoding = 4; lastKnownFileType = sourcecode.c.h; path = NSCharacterSet_Extensions.h; sourceTree = "<group>"; };
		94EBD95913FB906700A0D5C2 /* NSCharacterSet_Extensions.m */ = {isa = PBXFileReference; fileEncoding = 4; lastKnownFileType = sourcecode.c.objc; path = NSCharacterSet_Extensions.m; sourceTree = "<group>"; };
		94EBD95A13FB906700A0D5C2 /* NSScanner_Extensions.h */ = {isa = PBXFileReference; fileEncoding = 4; lastKnownFileType = sourcecode.c.h; path = NSScanner_Extensions.h; sourceTree = "<group>"; };
		94EBD95B13FB906700A0D5C2 /* NSScanner_Extensions.m */ = {isa = PBXFileReference; fileEncoding = 4; lastKnownFileType = sourcecode.c.objc; path = NSScanner_Extensions.m; sourceTree = "<group>"; };
		94EBD95D13FB906700A0D5C2 /* NSData+Base64.h */ = {isa = PBXFileReference; fileEncoding = 4; lastKnownFileType = sourcecode.c.h; path = "NSData+Base64.h"; sourceTree = "<group>"; };
		94EBD95E13FB906700A0D5C2 /* NSData+Base64.m */ = {isa = PBXFileReference; fileEncoding = 4; lastKnownFileType = sourcecode.c.objc; path = "NSData+Base64.m"; sourceTree = "<group>"; };
		94EBD95F13FB906700A0D5C2 /* MixpanelAPI.h */ = {isa = PBXFileReference; fileEncoding = 4; lastKnownFileType = sourcecode.c.h; name = MixpanelAPI.h; path = External/mixpanel/MPLib/MixpanelAPI.h; sourceTree = "<group>"; };
		94EBD96013FB906700A0D5C2 /* MixpanelAPI.m */ = {isa = PBXFileReference; fileEncoding = 4; lastKnownFileType = sourcecode.c.objc; name = MixpanelAPI.m; path = External/mixpanel/MPLib/MixpanelAPI.m; sourceTree = "<group>"; };
		94EBD96113FB906700A0D5C2 /* MixpanelEvent.h */ = {isa = PBXFileReference; fileEncoding = 4; lastKnownFileType = sourcecode.c.h; name = MixpanelEvent.h; path = External/mixpanel/MPLib/MixpanelEvent.h; sourceTree = "<group>"; };
		94EBD96213FB906700A0D5C2 /* MixpanelEvent.m */ = {isa = PBXFileReference; fileEncoding = 4; lastKnownFileType = sourcecode.c.objc; name = MixpanelEvent.m; path = External/mixpanel/MPLib/MixpanelEvent.m; sourceTree = "<group>"; };
		94F7052613989157008584E4 /* AudioToolbox.framework */ = {isa = PBXFileReference; lastKnownFileType = wrapper.framework; name = AudioToolbox.framework; path = System/Library/Frameworks/AudioToolbox.framework; sourceTree = SDKROOT; };
		94F7052A13989184008584E4 /* Security.framework */ = {isa = PBXFileReference; lastKnownFileType = wrapper.framework; name = Security.framework; path = System/Library/Frameworks/Security.framework; sourceTree = SDKROOT; };
		94F7052E139891A0008584E4 /* CoreTelephony.framework */ = {isa = PBXFileReference; lastKnownFileType = wrapper.framework; name = CoreTelephony.framework; path = System/Library/Frameworks/CoreTelephony.framework; sourceTree = SDKROOT; };
		94F70532139891B0008584E4 /* StoreKit.framework */ = {isa = PBXFileReference; lastKnownFileType = wrapper.framework; name = StoreKit.framework; path = System/Library/Frameworks/StoreKit.framework; sourceTree = SDKROOT; };
		94F7056E13989415008584E4 /* AirshipConfig.plist */ = {isa = PBXFileReference; fileEncoding = 4; lastKnownFileType = text.plist.xml; path = AirshipConfig.plist; sourceTree = "<group>"; };
		94F7058513989661008584E4 /* UAPushMoreSettingsViewController.h */ = {isa = PBXFileReference; fileEncoding = 4; lastKnownFileType = sourcecode.c.h; path = UAPushMoreSettingsViewController.h; sourceTree = "<group>"; };
		94F7058613989661008584E4 /* UAPushMoreSettingsViewController.m */ = {isa = PBXFileReference; fileEncoding = 4; lastKnownFileType = sourcecode.c.objc; path = UAPushMoreSettingsViewController.m; sourceTree = "<group>"; };
		94F7058713989661008584E4 /* UAPushNotificationHandler.h */ = {isa = PBXFileReference; fileEncoding = 4; lastKnownFileType = sourcecode.c.h; path = UAPushNotificationHandler.h; sourceTree = "<group>"; };
		94F7058813989661008584E4 /* UAPushNotificationHandler.m */ = {isa = PBXFileReference; fileEncoding = 4; lastKnownFileType = sourcecode.c.objc; path = UAPushNotificationHandler.m; sourceTree = "<group>"; };
		94F7058913989661008584E4 /* UAPushSettingsAddTagViewController.h */ = {isa = PBXFileReference; fileEncoding = 4; lastKnownFileType = sourcecode.c.h; path = UAPushSettingsAddTagViewController.h; sourceTree = "<group>"; };
		94F7058A13989661008584E4 /* UAPushSettingsAddTagViewController.m */ = {isa = PBXFileReference; fileEncoding = 4; lastKnownFileType = sourcecode.c.objc; path = UAPushSettingsAddTagViewController.m; sourceTree = "<group>"; };
		94F7058B13989661008584E4 /* UAPushSettingsAliasViewController.h */ = {isa = PBXFileReference; fileEncoding = 4; lastKnownFileType = sourcecode.c.h; path = UAPushSettingsAliasViewController.h; sourceTree = "<group>"; };
		94F7058C13989661008584E4 /* UAPushSettingsAliasViewController.m */ = {isa = PBXFileReference; fileEncoding = 4; lastKnownFileType = sourcecode.c.objc; path = UAPushSettingsAliasViewController.m; sourceTree = "<group>"; };
		94F7058D13989661008584E4 /* UAPushSettingsSoundsViewController.h */ = {isa = PBXFileReference; fileEncoding = 4; lastKnownFileType = sourcecode.c.h; path = UAPushSettingsSoundsViewController.h; sourceTree = "<group>"; };
		94F7058E13989661008584E4 /* UAPushSettingsSoundsViewController.m */ = {isa = PBXFileReference; fileEncoding = 4; lastKnownFileType = sourcecode.c.objc; path = UAPushSettingsSoundsViewController.m; sourceTree = "<group>"; };
		94F7058F13989661008584E4 /* UAPushSettingsTagsViewController.h */ = {isa = PBXFileReference; fileEncoding = 4; lastKnownFileType = sourcecode.c.h; path = UAPushSettingsTagsViewController.h; sourceTree = "<group>"; };
		94F7059013989661008584E4 /* UAPushSettingsTagsViewController.m */ = {isa = PBXFileReference; fileEncoding = 4; lastKnownFileType = sourcecode.c.objc; path = UAPushSettingsTagsViewController.m; sourceTree = "<group>"; };
		94F7059113989661008584E4 /* UAPushSettingsTokenViewController.h */ = {isa = PBXFileReference; fileEncoding = 4; lastKnownFileType = sourcecode.c.h; path = UAPushSettingsTokenViewController.h; sourceTree = "<group>"; };
		94F7059213989661008584E4 /* UAPushSettingsTokenViewController.m */ = {isa = PBXFileReference; fileEncoding = 4; lastKnownFileType = sourcecode.c.objc; path = UAPushSettingsTokenViewController.m; sourceTree = "<group>"; };
		94F7059313989661008584E4 /* UAPushSettingsViewController.h */ = {isa = PBXFileReference; fileEncoding = 4; lastKnownFileType = sourcecode.c.h; path = UAPushSettingsViewController.h; sourceTree = "<group>"; };
		94F7059413989661008584E4 /* UAPushSettingsViewController.m */ = {isa = PBXFileReference; fileEncoding = 4; lastKnownFileType = sourcecode.c.objc; path = UAPushSettingsViewController.m; sourceTree = "<group>"; };
		94F7059513989661008584E4 /* UAPushUI.h */ = {isa = PBXFileReference; fileEncoding = 4; lastKnownFileType = sourcecode.c.h; path = UAPushUI.h; sourceTree = "<group>"; };
		94F7059613989661008584E4 /* UAPushUI.m */ = {isa = PBXFileReference; fileEncoding = 4; lastKnownFileType = sourcecode.c.objc; path = UAPushUI.m; sourceTree = "<group>"; };
		94F7059913989661008584E4 /* bottom-detail.png */ = {isa = PBXFileReference; lastKnownFileType = image.png; path = "bottom-detail.png"; sourceTree = "<group>"; };
		94F7059A13989661008584E4 /* bottom-detail@2x.png */ = {isa = PBXFileReference; lastKnownFileType = image.png; path = "bottom-detail@2x.png"; sourceTree = "<group>"; };
		94F7059B13989661008584E4 /* middle-detail.png */ = {isa = PBXFileReference; lastKnownFileType = image.png; path = "middle-detail.png"; sourceTree = "<group>"; };
		94F7059C13989661008584E4 /* middle-detail@2x.png */ = {isa = PBXFileReference; lastKnownFileType = image.png; path = "middle-detail@2x.png"; sourceTree = "<group>"; };
		94F7059D13989661008584E4 /* top-detail.png */ = {isa = PBXFileReference; lastKnownFileType = image.png; path = "top-detail.png"; sourceTree = "<group>"; };
		94F7059E13989661008584E4 /* top-detail@2x.png */ = {isa = PBXFileReference; lastKnownFileType = image.png; path = "top-detail@2x.png"; sourceTree = "<group>"; };
		94F7059F13989661008584E4 /* UAPushLocalization.bundle */ = {isa = PBXFileReference; lastKnownFileType = "wrapper.plug-in"; path = UAPushLocalization.bundle; sourceTree = "<group>"; };
		94F705A013989661008584E4 /* UAPushMoreSettingsView.xib */ = {isa = PBXFileReference; lastKnownFileType = file.xib; path = UAPushMoreSettingsView.xib; sourceTree = "<group>"; };
		94F705A113989661008584E4 /* UAPushSettingsAddTagViewController.xib */ = {isa = PBXFileReference; lastKnownFileType = file.xib; path = UAPushSettingsAddTagViewController.xib; sourceTree = "<group>"; };
		94F705A213989661008584E4 /* UAPushSettingsAliasView.xib */ = {isa = PBXFileReference; lastKnownFileType = file.xib; path = UAPushSettingsAliasView.xib; sourceTree = "<group>"; };
		94F705A313989661008584E4 /* UAPushSettingsSoundsViewController.xib */ = {isa = PBXFileReference; lastKnownFileType = file.xib; path = UAPushSettingsSoundsViewController.xib; sourceTree = "<group>"; };
		94F705A413989661008584E4 /* UAPushSettingsTagsViewController.xib */ = {isa = PBXFileReference; lastKnownFileType = file.xib; path = UAPushSettingsTagsViewController.xib; sourceTree = "<group>"; };
		94F705A513989661008584E4 /* UAPushSettingsTokenView.xib */ = {isa = PBXFileReference; lastKnownFileType = file.xib; path = UAPushSettingsTokenView.xib; sourceTree = "<group>"; };
		94F705A613989661008584E4 /* UAPushSettingsView.xib */ = {isa = PBXFileReference; lastKnownFileType = file.xib; path = UAPushSettingsView.xib; sourceTree = "<group>"; };
		94F70656139F2F6C008584E4 /* Icon.png */ = {isa = PBXFileReference; lastKnownFileType = image.png; path = Icon.png; sourceTree = "<group>"; };
		94F70657139F2F6C008584E4 /* Icon@2x.png */ = {isa = PBXFileReference; lastKnownFileType = image.png; path = "Icon@2x.png"; sourceTree = "<group>"; };
		94FBB1BE133FC853007F2B4E /* CFNetwork.framework */ = {isa = PBXFileReference; lastKnownFileType = wrapper.framework; name = CFNetwork.framework; path = System/Library/Frameworks/CFNetwork.framework; sourceTree = SDKROOT; };
		94FBB1C0133FC861007F2B4E /* SystemConfiguration.framework */ = {isa = PBXFileReference; lastKnownFileType = wrapper.framework; name = SystemConfiguration.framework; path = System/Library/Frameworks/SystemConfiguration.framework; sourceTree = SDKROOT; };
		94FBB1C2133FC86D007F2B4E /* MobileCoreServices.framework */ = {isa = PBXFileReference; lastKnownFileType = wrapper.framework; name = MobileCoreServices.framework; path = System/Library/Frameworks/MobileCoreServices.framework; sourceTree = SDKROOT; };
		94FBB1C4133FC883007F2B4E /* libz.1.2.3.dylib */ = {isa = PBXFileReference; lastKnownFileType = "compiled.mach-o.dylib"; name = libz.1.2.3.dylib; path = usr/lib/libz.1.2.3.dylib; sourceTree = SDKROOT; };
		94FBB1D0133FC91A007F2B4E /* libxml2.2.7.3.dylib */ = {isa = PBXFileReference; lastKnownFileType = "compiled.mach-o.dylib"; name = libxml2.2.7.3.dylib; path = usr/lib/libxml2.2.7.3.dylib; sourceTree = SDKROOT; };
		94FFEECD13976A7D00F79C49 /* Entitlements.plist */ = {isa = PBXFileReference; fileEncoding = 4; lastKnownFileType = text.plist.xml; path = Entitlements.plist; sourceTree = "<group>"; };
/* End PBXFileReference section */

/* Begin PBXFrameworksBuildPhase section */
		1D60588F0D05DD3D006BFB54 /* Frameworks */ = {
			isa = PBXFrameworksBuildPhase;
			buildActionMask = 2147483647;
			files = (
				944E13E713C24DEB0084B889 /* MessageUI.framework in Frameworks */,
				1D60589F0D05DD5A006BFB54 /* Foundation.framework in Frameworks */,
				1DF5F4E00D08C38300B7A737 /* UIKit.framework in Frameworks */,
				288765A50DF7441C002DB57D /* CoreGraphics.framework in Frameworks */,
				94E93BA81331B4220046EB0F /* AddressBook.framework in Frameworks */,
				94E93BAA1331B4220046EB0F /* AddressBookUI.framework in Frameworks */,
				94A725C91336CFCA00414CF3 /* libsqlite3.0.dylib in Frameworks */,
				94FBB1BF133FC853007F2B4E /* CFNetwork.framework in Frameworks */,
				94FBB1C1133FC861007F2B4E /* SystemConfiguration.framework in Frameworks */,
				94FBB1C3133FC86D007F2B4E /* MobileCoreServices.framework in Frameworks */,
				94FBB1C5133FC883007F2B4E /* libz.1.2.3.dylib in Frameworks */,
				94F7052713989157008584E4 /* AudioToolbox.framework in Frameworks */,
				94F7052B13989184008584E4 /* Security.framework in Frameworks */,
				94F7052F139891A0008584E4 /* CoreTelephony.framework in Frameworks */,
				94F70533139891B0008584E4 /* StoreKit.framework in Frameworks */,
				944E13E513C2489C0084B889 /* libUAirship-1.0.5.a in Frameworks */,
			);
			runOnlyForDeploymentPostprocessing = 0;
		};
/* End PBXFrameworksBuildPhase section */

/* Begin PBXGroup section */
		080E96DDFE201D6D7F000001 /* Classes */ = {
			isa = PBXGroup;
			children = (
				94A48BD8138A30F200DAB3AC /* Facebook */,
				1D3623240D0F684500981E51 /* AntAmbushAppDelegate.h */,
				1D3623250D0F684500981E51 /* AntAmbushAppDelegate.m */,
				28D7ACF60DDB3853001CB0EB /* AntAmbushViewController.h */,
				28D7ACF70DDB3853001CB0EB /* AntAmbushViewController.m */,
				94B983371345AA0F00090947 /* SigninViewController.h */,
				94B983381345AA0F00090947 /* SigninViewController.m */,
				94E933A61322DDEA0046EB0F /* Attacks */,
				945062D713A30DBF0063F766 /* DataObjects */,
				94023E4C134AF6FA0075148F /* UIImageAlertView.h */,
				94023E4D134AF6FA0075148F /* UIImageAlertView.m */,
				94F7089A13A30C27008584E4 /* Deprecated */,
			);
			path = Classes;
			sourceTree = "<group>";
		};
		19C28FACFE9D520D11CA2CBB /* Products */ = {
			isa = PBXGroup;
			children = (
				1D6058910D05DD3D006BFB54 /* AntAmbush.app */,
			);
			name = Products;
			sourceTree = "<group>";
		};
		29B97314FDCFA39411CA2CEA /* CustomTemplate */ = {
			isa = PBXGroup;
			children = (
				94EBD8F413FB8BD700A0D5C2 /* External */,
				080E96DDFE201D6D7F000001 /* Classes */,
				29B97315FDCFA39411CA2CEA /* Other Sources */,
				29B97317FDCFA39411CA2CEA /* Resources */,
				29B97323FDCFA39411CA2CEA /* Frameworks */,
				19C28FACFE9D520D11CA2CBB /* Products */,
			);
			name = CustomTemplate;
			sourceTree = "<group>";
		};
		29B97315FDCFA39411CA2CEA /* Other Sources */ = {
			isa = PBXGroup;
			children = (
				94F7056B13989352008584E4 /* Airship */,
				32CA4F630368D1EE00C91783 /* AntAmbush_Prefix.pch */,
				29B97316FDCFA39411CA2CEA /* main.m */,
			);
			name = "Other Sources";
			sourceTree = "<group>";
		};
		29B97317FDCFA39411CA2CEA /* Resources */ = {
			isa = PBXGroup;
			children = (
				9450658E13AB31D10063F766 /* images */,
				94E93D511331D49E0046EB0F /* attack_images */,
				94A489DA13810F2100DAB3AC /* FBTableViewController.xib */,
				94B983391345AA0F00090947 /* SigninViewController.xib */,
				946210DB1369435A0073CBDF /* SettingsViewController.xib */,
				94B211221363A57400DA627E /* SingleAttackViewController.xib */,
				28AD733E0D9D9553002E5188 /* MainWindow.xib */,
				2899E5210DE3E06400AC0155 /* AntAmbushViewController.xib */,
				94E933651322DAB70046EB0F /* AttackViewController.xib */,
				940240EC13556F2E0075148F /* RecentAttacksViewController.xib */,
				94E93C9D1331CCB80046EB0F /* WeaponScrollerViewController.xib */,
				94E93CAE1331CE0C0046EB0F /* SingleWeaponViewController.xib */,
				94C4182B133325F50032B2DA /* SendMessageViewController.xib */,
				8D1107310486CEB800E47090 /* AntAmbush-Info.plist */,
				94E93CD01331CF9B0046EB0F /* iphone_contents.plist */,
				94A728AA1338820800414CF3 /* recentAttacks.db */,
				94A7289013387B5400414CF3 /* database.sql */,
				94FFEECD13976A7D00F79C49 /* Entitlements.plist */,
			);
			name = Resources;
			sourceTree = "<group>";
		};
		29B97323FDCFA39411CA2CEA /* Frameworks */ = {
			isa = PBXGroup;
			children = (
				944E13E613C24DEA0084B889 /* MessageUI.framework */,
				944E13E413C2489C0084B889 /* libUAirship-1.0.5.a */,
				94E93BA71331B4220046EB0F /* AddressBook.framework */,
				94E93BA91331B4220046EB0F /* AddressBookUI.framework */,
				94A725C81336CFCA00414CF3 /* libsqlite3.0.dylib */,
				94FBB1BE133FC853007F2B4E /* CFNetwork.framework */,
				94FBB1C0133FC861007F2B4E /* SystemConfiguration.framework */,
				94FBB1C2133FC86D007F2B4E /* MobileCoreServices.framework */,
				94FBB1C4133FC883007F2B4E /* libz.1.2.3.dylib */,
				94FBB1D0133FC91A007F2B4E /* libxml2.2.7.3.dylib */,
				1DF5F4DF0D08C38300B7A737 /* UIKit.framework */,
				1D30AB110D05D00D00671497 /* Foundation.framework */,
				288765A40DF7441C002DB57D /* CoreGraphics.framework */,
				94F7052613989157008584E4 /* AudioToolbox.framework */,
				94F7052A13989184008584E4 /* Security.framework */,
				94F7052E139891A0008584E4 /* CoreTelephony.framework */,
				94F70532139891B0008584E4 /* StoreKit.framework */,
			);
			name = Frameworks;
			sourceTree = "<group>";
		};
		9402402813556A640075148F /* AttackViewController */ = {
			isa = PBXGroup;
			children = (
				94E933631322DAB70046EB0F /* AttackViewController.h */,
				94E933641322DAB70046EB0F /* AttackViewController.m */,
				946210D91369435A0073CBDF /* SettingsViewController.h */,
				946210DA1369435A0073CBDF /* SettingsViewController.m */,
				940240EA13556F2E0075148F /* RecentAttacksViewController.h */,
				940240EB13556F2E0075148F /* RecentAttacksViewController.m */,
				949EBEDC13627A05002EAEA6 /* RecentAttacksTableViewCell.h */,
				949EBEDD13627A05002EAEA6 /* RecentAttacksTableViewCell.m */,
				94B211201363A57400DA627E /* SingleAttackViewController.h */,
				94B211211363A57400DA627E /* SingleAttackViewController.m */,
			);
			name = AttackViewController;
			sourceTree = "<group>";
		};
		945062D713A30DBF0063F766 /* DataObjects */ = {
			isa = PBXGroup;
			children = (
				94A725CC1336D03C00414CF3 /* History.h */,
				94A725CD1336D03C00414CF3 /* History.m */,
				94A728BE1338827900414CF3 /* Attack.h */,
				94A728BF1338827900414CF3 /* Attack.m */,
			);
			name = DataObjects;
			sourceTree = "<group>";
		};
		9450658E13AB31D10063F766 /* images */ = {
			isa = PBXGroup;
			children = (
				94EBD8E113E5E5C700A0D5C2 /* send_attack_btn.png */,
				94EBD8E213E5E5C700A0D5C2 /* send_attack_btn@2x.png */,
				94BD8AF913C8F9B9005B35E1 /* signin_background.png */,
				94BD8AF313C8F9A2005B35E1 /* signin_background@2x.png */,
				94BD8AFD13C8FA33005B35E1 /* signin_facebook_btn_select.png */,
				94BD8AF413C8F9A2005B35E1 /* signin_facebook_btn_select@2x.png */,
				94BD8AFB13C8F9D1005B35E1 /* signin_facebook_btn.png */,
				94BD8AF513C8F9A2005B35E1 /* signin_facebook_btn@2x.png */,
				944E13EC13C569570084B889 /* Default.png */,
				944E13ED13C569570084B889 /* Default@2x.png */,
				944E13E813C567D40084B889 /* Icon-Small.png */,
				944E13E913C567D50084B889 /* Icon-Small@2x.png */,
				94F70656139F2F6C008584E4 /* Icon.png */,
				94F70657139F2F6C008584E4 /* Icon@2x.png */,
				944E13D613B7FFA50084B889 /* main_background.png */,
				944E13F213C56A5A0084B889 /* main_background@2x.png */,
				944E13D813B800DD0084B889 /* main_attack_btn.png */,
				942FD87D13C56BA0006ACD7F /* main_attack_btn@2x.png */,
				942FD87913C56B58006ACD7F /* main_scroll.png */,
				942FD87B13C56B6D006ACD7F /* main_scroll@2x.png */,
			);
			name = images;
			sourceTree = "<group>";
		};
		94A48BD8138A30F200DAB3AC /* Facebook */ = {
			isa = PBXGroup;
			children = (
				94A488691380AD0900DAB3AC /* FacebookWrapper.h */,
				94A4886A1380AD0900DAB3AC /* FacebookWrapper.m */,
				94A48BB4138A2DE100DAB3AC /* FacebookUser.h */,
				94A48BB5138A2DE100DAB3AC /* FacebookUser.m */,
				94A489D813810F2100DAB3AC /* FBTableViewController.h */,
				94A489D913810F2100DAB3AC /* FBTableViewController.m */,
			);
			name = Facebook;
			sourceTree = "<group>";
		};
		94E933A61322DDEA0046EB0F /* Attacks */ = {
			isa = PBXGroup;
			children = (
				9402402813556A640075148F /* AttackViewController */,
				94E93C9B1331CCB80046EB0F /* WeaponScrollerViewController.h */,
				94E93C9C1331CCB80046EB0F /* WeaponScrollerViewController.m */,
				94E93CAC1331CE0C0046EB0F /* SingleWeaponViewController.h */,
				94E93CAD1331CE0C0046EB0F /* SingleWeaponViewController.m */,
				94C41829133325F50032B2DA /* SendMessageViewController.h */,
				94C4182A133325F50032B2DA /* SendMessageViewController.m */,
			);
			name = Attacks;
			sourceTree = "<group>";
		};
		94E93D511331D49E0046EB0F /* attack_images */ = {
			isa = PBXGroup;
			children = (
				94A576FC1404B75C007DC2B1 /* xmas_pups.jpg */,
				94A576FA1404B753007DC2B1 /* gorilla.jpg */,
				94EBD8DB13DFD6BD00A0D5C2 /* easter_chick.jpg */,
				94EBD8DC13DFD6BD00A0D5C2 /* trout.jpg */,
				94EBD8DD13DFD6BD00A0D5C2 /* lochness.jpg */,
				94BD8AE913C6D0AB005B35E1 /* happy_piglet.jpg */,
				94BD8AEA13C6D0AB005B35E1 /* beagle_attack.jpg */,
				94BD8AEB13C6D0AB005B35E1 /* honey_badger.jpg */,
				94BD8AEC13C6D0AB005B35E1 /* sad_panda.jpg */,
				94BD8AED13C6D0AB005B35E1 /* high_kittens.jpg */,
				94C41848133328770032B2DA /* mel-gibson-braveheart.jpg */,
			);
			name = attack_images;
			sourceTree = "<group>";
		};
		94EBD8F413FB8BD700A0D5C2 /* External */ = {
			isa = PBXGroup;
			children = (
				94EBD94713FB904000A0D5C2 /* Mixpanel */,
				94EBD94313FB8F6600A0D5C2 /* MBProgressHUD */,
				94EBD92313FB8DC200A0D5C2 /* ASIHTTPRequest */,
				94EBD8F513FB8C0C00A0D5C2 /* Facebook */,
			);
			name = External;
			sourceTree = "<group>";
		};
		94EBD8F513FB8C0C00A0D5C2 /* Facebook */ = {
			isa = PBXGroup;
			children = (
				94EBD8F613FB8C0C00A0D5C2 /* facebook-ios-sdk.xcodeproj */,
				94EBD8F913FB8C0C00A0D5C2 /* Facebook.h */,
				94EBD8FA13FB8C0C00A0D5C2 /* Facebook.m */,
				94EBD8FB13FB8C0C00A0D5C2 /* facebook_ios_sdk_Prefix.pch */,
				94EBD8FC13FB8C0C00A0D5C2 /* FBConnect.h */,
				94EBD8FD13FB8C0C00A0D5C2 /* FBDialog.bundle */,
				94EBD8FE13FB8C0C00A0D5C2 /* FBDialog.h */,
				94EBD8FF13FB8C0C00A0D5C2 /* FBDialog.m */,
				94EBD90013FB8C0C00A0D5C2 /* FBLoginDialog.h */,
				94EBD90113FB8C0C00A0D5C2 /* FBLoginDialog.m */,
				94EBD90213FB8C0C00A0D5C2 /* FBRequest.h */,
				94EBD90313FB8C0C00A0D5C2 /* FBRequest.m */,
				94EBD90413FB8C0C00A0D5C2 /* JSON */,
			);
			name = Facebook;
			path = External/facebook/src;
			sourceTree = "<group>";
		};
		94EBD8F713FB8C0C00A0D5C2 /* Products */ = {
			isa = PBXGroup;
			children = (
				94EBD92213FB8C0D00A0D5C2 /* libfacebook_ios_sdk.a */,
			);
			name = Products;
			sourceTree = "<group>";
		};
		94EBD90413FB8C0C00A0D5C2 /* JSON */ = {
			isa = PBXGroup;
			children = (
				94EBD90513FB8C0C00A0D5C2 /* JSON.h */,
				94EBD90613FB8C0C00A0D5C2 /* NSObject+SBJSON.h */,
				94EBD90713FB8C0C00A0D5C2 /* NSObject+SBJSON.m */,
				94EBD90813FB8C0C00A0D5C2 /* NSString+SBJSON.h */,
				94EBD90913FB8C0C00A0D5C2 /* NSString+SBJSON.m */,
				94EBD90A13FB8C0C00A0D5C2 /* SBJSON.h */,
				94EBD90B13FB8C0C00A0D5C2 /* SBJSON.m */,
				94EBD90C13FB8C0C00A0D5C2 /* SBJsonBase.h */,
				94EBD90D13FB8C0C00A0D5C2 /* SBJsonBase.m */,
				94EBD90E13FB8C0C00A0D5C2 /* SBJsonParser.h */,
				94EBD90F13FB8C0C00A0D5C2 /* SBJsonParser.m */,
				94EBD91013FB8C0C00A0D5C2 /* SBJsonWriter.h */,
				94EBD91113FB8C0C00A0D5C2 /* SBJsonWriter.m */,
			);
			path = JSON;
			sourceTree = "<group>";
		};
		94EBD92313FB8DC200A0D5C2 /* ASIHTTPRequest */ = {
			isa = PBXGroup;
			children = (
				94EBD94013FB8EB600A0D5C2 /* Reachability.h */,
				94EBD94113FB8EB600A0D5C2 /* Reachability.m */,
				94EBD92413FB8E9700A0D5C2 /* ASIAuthenticationDialog.h */,
				94EBD92513FB8E9700A0D5C2 /* ASIAuthenticationDialog.m */,
				94EBD92613FB8E9700A0D5C2 /* ASICacheDelegate.h */,
				94EBD92713FB8E9700A0D5C2 /* ASIDataCompressor.h */,
				94EBD92813FB8E9700A0D5C2 /* ASIDataCompressor.m */,
				94EBD92913FB8E9700A0D5C2 /* ASIDataDecompressor.h */,
				94EBD92A13FB8E9700A0D5C2 /* ASIDataDecompressor.m */,
				94EBD92B13FB8E9700A0D5C2 /* ASIDownloadCache.h */,
				94EBD92C13FB8E9700A0D5C2 /* ASIDownloadCache.m */,
				94EBD92D13FB8E9700A0D5C2 /* ASIFormDataRequest.h */,
				94EBD92E13FB8E9700A0D5C2 /* ASIFormDataRequest.m */,
				94EBD92F13FB8E9700A0D5C2 /* ASIHTTPRequest.h */,
				94EBD93013FB8E9700A0D5C2 /* ASIHTTPRequest.m */,
				94EBD93113FB8E9700A0D5C2 /* ASIHTTPRequestConfig.h */,
				94EBD93213FB8E9700A0D5C2 /* ASIHTTPRequestDelegate.h */,
				94EBD93313FB8E9700A0D5C2 /* ASIInputStream.h */,
				94EBD93413FB8E9700A0D5C2 /* ASIInputStream.m */,
				94EBD93513FB8E9700A0D5C2 /* ASINetworkQueue.h */,
				94EBD93613FB8E9700A0D5C2 /* ASINetworkQueue.m */,
				94EBD93713FB8E9700A0D5C2 /* ASIProgressDelegate.h */,
			);
			name = ASIHTTPRequest;
			sourceTree = "<group>";
		};
		94EBD94313FB8F6600A0D5C2 /* MBProgressHUD */ = {
			isa = PBXGroup;
			children = (
				94EBD94413FB8F8E00A0D5C2 /* MBProgressHUD.h */,
				94EBD94513FB8F8E00A0D5C2 /* MBProgressHUD.m */,
			);
			name = MBProgressHUD;
			sourceTree = "<group>";
		};
		94EBD94713FB904000A0D5C2 /* Mixpanel */ = {
			isa = PBXGroup;
			children = (
				94EBD94813FB906700A0D5C2 /* lib */,
				94EBD95F13FB906700A0D5C2 /* MixpanelAPI.h */,
				94EBD96013FB906700A0D5C2 /* MixpanelAPI.m */,
				94EBD96113FB906700A0D5C2 /* MixpanelEvent.h */,
				94EBD96213FB906700A0D5C2 /* MixpanelEvent.m */,
			);
			name = Mixpanel;
			sourceTree = "<group>";
		};
		94EBD94813FB906700A0D5C2 /* lib */ = {
			isa = PBXGroup;
			children = (
				94EBD94913FB906700A0D5C2 /* JSON */,
				94EBD95C13FB906700A0D5C2 /* NSData_Base64 */,
			);
			name = lib;
			path = External/mixpanel/MPLib/lib;
			sourceTree = "<group>";
		};
		94EBD94913FB906700A0D5C2 /* JSON */ = {
			isa = PBXGroup;
			children = (
				94EBD94A13FB906700A0D5C2 /* CDataScanner.h */,
				94EBD94B13FB906700A0D5C2 /* CDataScanner.m */,
				94EBD94C13FB906700A0D5C2 /* CDataScanner_Extensions.h */,
				94EBD94D13FB906700A0D5C2 /* CDataScanner_Extensions.m */,
				94EBD94E13FB906700A0D5C2 /* CJSONDataSerializer.h */,
				94EBD94F13FB906700A0D5C2 /* CJSONDataSerializer.m */,
				94EBD95013FB906700A0D5C2 /* CJSONDeserializer.h */,
				94EBD95113FB906700A0D5C2 /* CJSONDeserializer.m */,
				94EBD95213FB906700A0D5C2 /* CJSONScanner.h */,
				94EBD95313FB906700A0D5C2 /* CJSONScanner.m */,
				94EBD95413FB906700A0D5C2 /* CJSONSerializer.h */,
				94EBD95513FB906700A0D5C2 /* CJSONSerializer.m */,
				94EBD95613FB906700A0D5C2 /* CSerializedJSONData.h */,
				94EBD95713FB906700A0D5C2 /* CSerializedJSONData.m */,
				94EBD95813FB906700A0D5C2 /* NSCharacterSet_Extensions.h */,
				94EBD95913FB906700A0D5C2 /* NSCharacterSet_Extensions.m */,
				94EBD95A13FB906700A0D5C2 /* NSScanner_Extensions.h */,
				94EBD95B13FB906700A0D5C2 /* NSScanner_Extensions.m */,
			);
			path = JSON;
			sourceTree = "<group>";
		};
		94EBD95C13FB906700A0D5C2 /* NSData_Base64 */ = {
			isa = PBXGroup;
			children = (
				94EBD95D13FB906700A0D5C2 /* NSData+Base64.h */,
				94EBD95E13FB906700A0D5C2 /* NSData+Base64.m */,
			);
			path = NSData_Base64;
			sourceTree = "<group>";
		};
		94F7056B13989352008584E4 /* Airship */ = {
			isa = PBXGroup;
			children = (
				94F7058213989661008584E4 /* Push */,
				94F7056E13989415008584E4 /* AirshipConfig.plist */,
			);
			name = Airship;
			path = Classes;
			sourceTree = "<group>";
		};
		94F7058213989661008584E4 /* Push */ = {
			isa = PBXGroup;
			children = (
				94F7058313989661008584E4 /* Classes */,
				94F7059713989661008584E4 /* Resources */,
			);
			path = Push;
			sourceTree = "<group>";
		};
		94F7058313989661008584E4 /* Classes */ = {
			isa = PBXGroup;
			children = (
				94F7058413989661008584E4 /* Shared */,
			);
			path = Classes;
			sourceTree = "<group>";
		};
		94F7058413989661008584E4 /* Shared */ = {
			isa = PBXGroup;
			children = (
				94F7058513989661008584E4 /* UAPushMoreSettingsViewController.h */,
				94F7058613989661008584E4 /* UAPushMoreSettingsViewController.m */,
				94F7058713989661008584E4 /* UAPushNotificationHandler.h */,
				94F7058813989661008584E4 /* UAPushNotificationHandler.m */,
				94F7058913989661008584E4 /* UAPushSettingsAddTagViewController.h */,
				94F7058A13989661008584E4 /* UAPushSettingsAddTagViewController.m */,
				94F7058B13989661008584E4 /* UAPushSettingsAliasViewController.h */,
				94F7058C13989661008584E4 /* UAPushSettingsAliasViewController.m */,
				94F7058D13989661008584E4 /* UAPushSettingsSoundsViewController.h */,
				94F7058E13989661008584E4 /* UAPushSettingsSoundsViewController.m */,
				94F7058F13989661008584E4 /* UAPushSettingsTagsViewController.h */,
				94F7059013989661008584E4 /* UAPushSettingsTagsViewController.m */,
				94F7059113989661008584E4 /* UAPushSettingsTokenViewController.h */,
				94F7059213989661008584E4 /* UAPushSettingsTokenViewController.m */,
				94F7059313989661008584E4 /* UAPushSettingsViewController.h */,
				94F7059413989661008584E4 /* UAPushSettingsViewController.m */,
				94F7059513989661008584E4 /* UAPushUI.h */,
				94F7059613989661008584E4 /* UAPushUI.m */,
			);
			path = Shared;
			sourceTree = "<group>";
		};
		94F7059713989661008584E4 /* Resources */ = {
			isa = PBXGroup;
			children = (
				94F7059813989661008584E4 /* Shared */,
			);
			path = Resources;
			sourceTree = "<group>";
		};
		94F7059813989661008584E4 /* Shared */ = {
			isa = PBXGroup;
			children = (
				94F7059913989661008584E4 /* bottom-detail.png */,
				94F7059A13989661008584E4 /* bottom-detail@2x.png */,
				94F7059B13989661008584E4 /* middle-detail.png */,
				94F7059C13989661008584E4 /* middle-detail@2x.png */,
				94F7059D13989661008584E4 /* top-detail.png */,
				94F7059E13989661008584E4 /* top-detail@2x.png */,
				94F7059F13989661008584E4 /* UAPushLocalization.bundle */,
				94F705A013989661008584E4 /* UAPushMoreSettingsView.xib */,
				94F705A113989661008584E4 /* UAPushSettingsAddTagViewController.xib */,
				94F705A213989661008584E4 /* UAPushSettingsAliasView.xib */,
				94F705A313989661008584E4 /* UAPushSettingsSoundsViewController.xib */,
				94F705A413989661008584E4 /* UAPushSettingsTagsViewController.xib */,
				94F705A513989661008584E4 /* UAPushSettingsTokenView.xib */,
				94F705A613989661008584E4 /* UAPushSettingsView.xib */,
			);
			path = Shared;
			sourceTree = "<group>";
		};
		94F7089A13A30C27008584E4 /* Deprecated */ = {
			isa = PBXGroup;
			children = (
				949EBE85135E28CA002EAEA6 /* ContactListPicker.h */,
				949EBE86135E28CA002EAEA6 /* ContactListPicker.m */,
			);
			name = Deprecated;
			sourceTree = "<group>";
		};
/* End PBXGroup section */

/* Begin PBXNativeTarget section */
		1D6058900D05DD3D006BFB54 /* AntAmbush */ = {
			isa = PBXNativeTarget;
			buildConfigurationList = 1D6058960D05DD3E006BFB54 /* Build configuration list for PBXNativeTarget "AntAmbush" */;
			buildPhases = (
				1D60588D0D05DD3D006BFB54 /* Resources */,
				1D60588E0D05DD3D006BFB54 /* Sources */,
				1D60588F0D05DD3D006BFB54 /* Frameworks */,
			);
			buildRules = (
			);
			dependencies = (
			);
			name = AntAmbush;
			productName = PandaAttack;
			productReference = 1D6058910D05DD3D006BFB54 /* AntAmbush.app */;
			productType = "com.apple.product-type.application";
		};
/* End PBXNativeTarget section */

/* Begin PBXProject section */
		29B97313FDCFA39411CA2CEA /* Project object */ = {
			isa = PBXProject;
			buildConfigurationList = C01FCF4E08A954540054247B /* Build configuration list for PBXProject "AntAmbush" */;
			compatibilityVersion = "Xcode 3.1";
			developmentRegion = English;
			hasScannedForEncodings = 1;
			knownRegions = (
				English,
				Japanese,
				French,
				German,
			);
			mainGroup = 29B97314FDCFA39411CA2CEA /* CustomTemplate */;
			projectDirPath = "";
			projectReferences = (
				{
					ProductGroup = 94EBD8F713FB8C0C00A0D5C2 /* Products */;
					ProjectRef = 94EBD8F613FB8C0C00A0D5C2 /* facebook-ios-sdk.xcodeproj */;
				},
			);
			projectRoot = "";
			targets = (
				1D6058900D05DD3D006BFB54 /* AntAmbush */,
			);
		};
/* End PBXProject section */

/* Begin PBXReferenceProxy section */
		94EBD92213FB8C0D00A0D5C2 /* libfacebook_ios_sdk.a */ = {
			isa = PBXReferenceProxy;
			fileType = archive.ar;
			path = libfacebook_ios_sdk.a;
			remoteRef = 94EBD92113FB8C0D00A0D5C2 /* PBXContainerItemProxy */;
			sourceTree = BUILT_PRODUCTS_DIR;
		};
/* End PBXReferenceProxy section */

/* Begin PBXResourcesBuildPhase section */
		1D60588D0D05DD3D006BFB54 /* Resources */ = {
			isa = PBXResourcesBuildPhase;
			buildActionMask = 2147483647;
			files = (
				28AD733F0D9D9553002E5188 /* MainWindow.xib in Resources */,
				2899E5220DE3E06400AC0155 /* AntAmbushViewController.xib in Resources */,
				94E933671322DAB70046EB0F /* AttackViewController.xib in Resources */,
				94E93C9F1331CCB80046EB0F /* WeaponScrollerViewController.xib in Resources */,
				94E93CB01331CE0C0046EB0F /* SingleWeaponViewController.xib in Resources */,
				94E93CD11331CF9B0046EB0F /* iphone_contents.plist in Resources */,
				94C4182D133325F50032B2DA /* SendMessageViewController.xib in Resources */,
				94C41849133328770032B2DA /* mel-gibson-braveheart.jpg in Resources */,
				94A728AB1338820800414CF3 /* recentAttacks.db in Resources */,
				94B9833B1345AA0F00090947 /* SigninViewController.xib in Resources */,
				940240EE13556F2E0075148F /* RecentAttacksViewController.xib in Resources */,
				94B211241363A57400DA627E /* SingleAttackViewController.xib in Resources */,
				946210DD1369435A0073CBDF /* SettingsViewController.xib in Resources */,
				94A489DC13810F2100DAB3AC /* FBTableViewController.xib in Resources */,
				94F7056F13989415008584E4 /* AirshipConfig.plist in Resources */,
				94F705B013989661008584E4 /* bottom-detail.png in Resources */,
				94F705B113989661008584E4 /* bottom-detail@2x.png in Resources */,
				94F705B213989661008584E4 /* middle-detail.png in Resources */,
				94F705B313989661008584E4 /* middle-detail@2x.png in Resources */,
				94F705B413989661008584E4 /* top-detail.png in Resources */,
				94F705B513989661008584E4 /* top-detail@2x.png in Resources */,
				94F705B613989661008584E4 /* UAPushLocalization.bundle in Resources */,
				94F705B713989661008584E4 /* UAPushMoreSettingsView.xib in Resources */,
				94F705B813989661008584E4 /* UAPushSettingsAddTagViewController.xib in Resources */,
				94F705B913989661008584E4 /* UAPushSettingsAliasView.xib in Resources */,
				94F705BA13989661008584E4 /* UAPushSettingsSoundsViewController.xib in Resources */,
				94F705BB13989661008584E4 /* UAPushSettingsTagsViewController.xib in Resources */,
				94F705BC13989661008584E4 /* UAPushSettingsTokenView.xib in Resources */,
				94F705BD13989661008584E4 /* UAPushSettingsView.xib in Resources */,
				94F70658139F2F6C008584E4 /* Icon.png in Resources */,
				94F70659139F2F6C008584E4 /* Icon@2x.png in Resources */,
				944E13D713B7FFA60084B889 /* main_background.png in Resources */,
				944E13D913B800DD0084B889 /* main_attack_btn.png in Resources */,
				944E13EA13C567D60084B889 /* Icon-Small.png in Resources */,
				944E13EB13C567D60084B889 /* Icon-Small@2x.png in Resources */,
				944E13EE13C569580084B889 /* Default.png in Resources */,
				944E13EF13C569580084B889 /* Default@2x.png in Resources */,
				944E13F313C56A5B0084B889 /* main_background@2x.png in Resources */,
				942FD87A13C56B58006ACD7F /* main_scroll.png in Resources */,
				942FD87C13C56B6D006ACD7F /* main_scroll@2x.png in Resources */,
				942FD87E13C56BA0006ACD7F /* main_attack_btn@2x.png in Resources */,
				94BD8AEE13C6D0AB005B35E1 /* happy_piglet.jpg in Resources */,
				94BD8AEF13C6D0AB005B35E1 /* beagle_attack.jpg in Resources */,
				94BD8AF013C6D0AB005B35E1 /* honey_badger.jpg in Resources */,
				94BD8AF113C6D0AB005B35E1 /* sad_panda.jpg in Resources */,
				94BD8AF213C6D0AB005B35E1 /* high_kittens.jpg in Resources */,
				94BD8AF613C8F9A2005B35E1 /* signin_background@2x.png in Resources */,
				94BD8AF713C8F9A2005B35E1 /* signin_facebook_btn_select@2x.png in Resources */,
				94BD8AF813C8F9A2005B35E1 /* signin_facebook_btn@2x.png in Resources */,
				94BD8AFA13C8F9B9005B35E1 /* signin_background.png in Resources */,
				94BD8AFC13C8F9D2005B35E1 /* signin_facebook_btn.png in Resources */,
				94BD8AFE13C8FA33005B35E1 /* signin_facebook_btn_select.png in Resources */,
				94EBD8DE13DFD6BD00A0D5C2 /* easter_chick.jpg in Resources */,
				94EBD8DF13DFD6BD00A0D5C2 /* trout.jpg in Resources */,
				94EBD8E013DFD6BD00A0D5C2 /* lochness.jpg in Resources */,
				94EBD8E313E5E5C700A0D5C2 /* send_attack_btn.png in Resources */,
				94EBD8E413E5E5C700A0D5C2 /* send_attack_btn@2x.png in Resources */,
				94EBD91613FB8C0C00A0D5C2 /* FBDialog.bundle in Resources */,
				94A576FB1404B753007DC2B1 /* gorilla.jpg in Resources */,
				94A576FD1404B75C007DC2B1 /* xmas_pups.jpg in Resources */,
			);
			runOnlyForDeploymentPostprocessing = 0;
		};
/* End PBXResourcesBuildPhase section */

/* Begin PBXSourcesBuildPhase section */
		1D60588E0D05DD3D006BFB54 /* Sources */ = {
			isa = PBXSourcesBuildPhase;
			buildActionMask = 2147483647;
			files = (
				1D60589B0D05DD56006BFB54 /* main.m in Sources */,
				1D3623260D0F684500981E51 /* AntAmbushAppDelegate.m in Sources */,
				28D7ACF80DDB3853001CB0EB /* AntAmbushViewController.m in Sources */,
				94E933661322DAB70046EB0F /* AttackViewController.m in Sources */,
				94E93C9E1331CCB80046EB0F /* WeaponScrollerViewController.m in Sources */,
				94E93CAF1331CE0C0046EB0F /* SingleWeaponViewController.m in Sources */,
				94C4182C133325F50032B2DA /* SendMessageViewController.m in Sources */,
				94A725CE1336D03C00414CF3 /* History.m in Sources */,
				94A728C01338827900414CF3 /* Attack.m in Sources */,
				94B9833A1345AA0F00090947 /* SigninViewController.m in Sources */,
				94023E4E134AF6FA0075148F /* UIImageAlertView.m in Sources */,
				940240ED13556F2E0075148F /* RecentAttacksViewController.m in Sources */,
				949EBE87135E28CA002EAEA6 /* ContactListPicker.m in Sources */,
				949EBEDE13627A05002EAEA6 /* RecentAttacksTableViewCell.m in Sources */,
				94B211231363A57400DA627E /* SingleAttackViewController.m in Sources */,
				946210DC1369435A0073CBDF /* SettingsViewController.m in Sources */,
				94A4886B1380AD0900DAB3AC /* FacebookWrapper.m in Sources */,
				94A489DB13810F2100DAB3AC /* FBTableViewController.m in Sources */,
				94A48BB6138A2DE100DAB3AC /* FacebookUser.m in Sources */,
				94F705A713989661008584E4 /* UAPushMoreSettingsViewController.m in Sources */,
				94F705A813989661008584E4 /* UAPushNotificationHandler.m in Sources */,
				94F705A913989661008584E4 /* UAPushSettingsAddTagViewController.m in Sources */,
				94F705AA13989661008584E4 /* UAPushSettingsAliasViewController.m in Sources */,
				94F705AB13989661008584E4 /* UAPushSettingsSoundsViewController.m in Sources */,
				94F705AC13989661008584E4 /* UAPushSettingsTagsViewController.m in Sources */,
				94F705AD13989661008584E4 /* UAPushSettingsTokenViewController.m in Sources */,
				94F705AE13989661008584E4 /* UAPushSettingsViewController.m in Sources */,
				94F705AF13989661008584E4 /* UAPushUI.m in Sources */,
				94EBD91513FB8C0C00A0D5C2 /* Facebook.m in Sources */,
				94EBD91713FB8C0C00A0D5C2 /* FBDialog.m in Sources */,
				94EBD91813FB8C0C00A0D5C2 /* FBLoginDialog.m in Sources */,
				94EBD91913FB8C0C00A0D5C2 /* FBRequest.m in Sources */,
				94EBD91A13FB8C0C00A0D5C2 /* NSObject+SBJSON.m in Sources */,
				94EBD91B13FB8C0C00A0D5C2 /* NSString+SBJSON.m in Sources */,
				94EBD91C13FB8C0C00A0D5C2 /* SBJSON.m in Sources */,
				94EBD91D13FB8C0C00A0D5C2 /* SBJsonBase.m in Sources */,
				94EBD91E13FB8C0C00A0D5C2 /* SBJsonParser.m in Sources */,
				94EBD91F13FB8C0C00A0D5C2 /* SBJsonWriter.m in Sources */,
				94EBD93813FB8E9700A0D5C2 /* ASIAuthenticationDialog.m in Sources */,
				94EBD93913FB8E9700A0D5C2 /* ASIDataCompressor.m in Sources */,
				94EBD93A13FB8E9700A0D5C2 /* ASIDataDecompressor.m in Sources */,
				94EBD93B13FB8E9700A0D5C2 /* ASIDownloadCache.m in Sources */,
				94EBD93C13FB8E9700A0D5C2 /* ASIFormDataRequest.m in Sources */,
				94EBD93D13FB8E9700A0D5C2 /* ASIHTTPRequest.m in Sources */,
				94EBD93E13FB8E9700A0D5C2 /* ASIInputStream.m in Sources */,
				94EBD93F13FB8E9700A0D5C2 /* ASINetworkQueue.m in Sources */,
				94EBD94213FB8EB600A0D5C2 /* Reachability.m in Sources */,
				94EBD94613FB8F8E00A0D5C2 /* MBProgressHUD.m in Sources */,
				94EBD96313FB906700A0D5C2 /* CDataScanner.m in Sources */,
				94EBD96413FB906700A0D5C2 /* CDataScanner_Extensions.m in Sources */,
				94EBD96513FB906700A0D5C2 /* CJSONDataSerializer.m in Sources */,
				94EBD96613FB906700A0D5C2 /* CJSONDeserializer.m in Sources */,
				94EBD96713FB906700A0D5C2 /* CJSONScanner.m in Sources */,
				94EBD96813FB906700A0D5C2 /* CJSONSerializer.m in Sources */,
				94EBD96913FB906700A0D5C2 /* CSerializedJSONData.m in Sources */,
				94EBD96A13FB906700A0D5C2 /* NSCharacterSet_Extensions.m in Sources */,
				94EBD96B13FB906700A0D5C2 /* NSScanner_Extensions.m in Sources */,
				94EBD96C13FB906700A0D5C2 /* NSData+Base64.m in Sources */,
				94EBD96D13FB906700A0D5C2 /* MixpanelAPI.m in Sources */,
				94EBD96E13FB906700A0D5C2 /* MixpanelEvent.m in Sources */,
			);
			runOnlyForDeploymentPostprocessing = 0;
		};
/* End PBXSourcesBuildPhase section */

/* Begin XCBuildConfiguration section */
		1D6058940D05DD3E006BFB54 /* Debug */ = {
			isa = XCBuildConfiguration;
			buildSettings = {
				ALWAYS_SEARCH_USER_PATHS = NO;
				CODE_SIGN_ENTITLEMENTS = "";
				"CODE_SIGN_IDENTITY[sdk=iphoneos*]" = "iPhone Developer";
				COPY_PHASE_STRIP = NO;
				GCC_DYNAMIC_NO_PIC = NO;
				GCC_OPTIMIZATION_LEVEL = 0;
				GCC_PRECOMPILE_PREFIX_HEADER = YES;
				GCC_PREFIX_HEADER = AntAmbush_Prefix.pch;
				INFOPLIST_FILE = "AntAmbush-Info.plist";
				IPHONEOS_DEPLOYMENT_TARGET = 3.0;
				LIBRARY_SEARCH_PATHS = (
					"$(inherited)",
					"\"$(SRCROOT)/Airship\"",
				);
				PRODUCT_NAME = AntAmbush;
				"PROVISIONING_PROFILE[sdk=iphoneos*]" = "";
			};
			name = Debug;
		};
		1D6058950D05DD3E006BFB54 /* Release */ = {
			isa = XCBuildConfiguration;
			buildSettings = {
				ALWAYS_SEARCH_USER_PATHS = NO;
				CODE_SIGN_ENTITLEMENTS = "~/Projects/AntAmbush/Entitlements.plist";
				"CODE_SIGN_IDENTITY[sdk=iphoneos*]" = "iPhone Developer";
				COPY_PHASE_STRIP = YES;
				GCC_PRECOMPILE_PREFIX_HEADER = YES;
				GCC_PREFIX_HEADER = AntAmbush_Prefix.pch;
				INFOPLIST_FILE = "AntAmbush-Info.plist";
				IPHONEOS_DEPLOYMENT_TARGET = 3.0;
				LIBRARY_SEARCH_PATHS = (
					"$(inherited)",
					"\"$(SRCROOT)/Airship\"",
				);
				PRODUCT_NAME = AntAmbush;
				"PROVISIONING_PROFILE[sdk=iphoneos*]" = "";
				VALIDATE_PRODUCT = YES;
			};
			name = Release;
		};
		945EB2A6137256FB00D576C3 /* Ad Hoc */ = {
			isa = XCBuildConfiguration;
			buildSettings = {
				ARCHS = "$(ARCHS_STANDARD_32_BIT)";
				CODE_SIGN_ENTITLEMENTS = Entitlements.plist;
				"CODE_SIGN_IDENTITY[sdk=iphoneos*]" = "iPhone Distribution: Ryan Gerard";
				GCC_C_LANGUAGE_STANDARD = c99;
				GCC_WARN_ABOUT_RETURN_TYPE = YES;
				GCC_WARN_UNUSED_VARIABLE = YES;
				HEADER_SEARCH_PATHS = "Airship/**";
				IPHONEOS_DEPLOYMENT_TARGET = 3.0;
				OTHER_CFLAGS = "-DNS_BLOCK_ASSERTIONS=1";
				OTHER_LDFLAGS = (
					"-weak_library",
					/usr/lib/libSystem.B.dylib,
					"-all_load",
				);
				PREBINDING = NO;
				"PROVISIONING_PROFILE[sdk=iphoneos*]" = "26BB767D-E13B-4615-AF1E-6196D4EEE8B1";
				SDKROOT = iphoneos;
			};
			name = "Ad Hoc";
		};
		945EB2A7137256FB00D576C3 /* Ad Hoc */ = {
			isa = XCBuildConfiguration;
			buildSettings = {
				ALWAYS_SEARCH_USER_PATHS = NO;
				CODE_SIGN_ENTITLEMENTS = "~/Projects/AntAmbush/Entitlements.plist";
				"CODE_SIGN_IDENTITY[sdk=iphoneos*]" = "iPhone Distribution";
				COPY_PHASE_STRIP = YES;
				GCC_PRECOMPILE_PREFIX_HEADER = YES;
				GCC_PREFIX_HEADER = AntAmbush_Prefix.pch;
				INFOPLIST_FILE = "AntAmbush-Info.plist";
				IPHONEOS_DEPLOYMENT_TARGET = 3.0;
				LIBRARY_SEARCH_PATHS = (
					"$(inherited)",
					"\"$(SRCROOT)/Airship\"",
				);
				PRODUCT_NAME = AntAmbush;
				"PROVISIONING_PROFILE[sdk=iphoneos*]" = "";
				VALIDATE_PRODUCT = YES;
			};
			name = "Ad Hoc";
		};
		94EBD8E513E6142400A0D5C2 /* AppStore */ = {
			isa = XCBuildConfiguration;
			buildSettings = {
				ARCHS = "$(ARCHS_STANDARD_32_BIT)";
				CODE_SIGN_ENTITLEMENTS = "";
				"CODE_SIGN_IDENTITY[sdk=iphoneos*]" = "iPhone Distribution: Ryan Gerard";
				GCC_C_LANGUAGE_STANDARD = c99;
				GCC_WARN_ABOUT_RETURN_TYPE = YES;
				GCC_WARN_UNUSED_VARIABLE = YES;
				HEADER_SEARCH_PATHS = "Airship/**";
				IPHONEOS_DEPLOYMENT_TARGET = 3.0;
				OTHER_CFLAGS = "-DNS_BLOCK_ASSERTIONS=1";
				OTHER_LDFLAGS = (
					"-weak_library",
					/usr/lib/libSystem.B.dylib,
					"-all_load",
				);
				PREBINDING = NO;
				"PROVISIONING_PROFILE[sdk=iphoneos*]" = "656DD911-C580-4F5F-9696-4226DA2F60B5";
				SDKROOT = iphoneos;
			};
			name = AppStore;
		};
		94EBD8E613E6142400A0D5C2 /* AppStore */ = {
			isa = XCBuildConfiguration;
			buildSettings = {
				ALWAYS_SEARCH_USER_PATHS = NO;
				CODE_SIGN_ENTITLEMENTS = "";
				"CODE_SIGN_IDENTITY[sdk=iphoneos*]" = "iPhone Distribution: Ryan Gerard";
				COPY_PHASE_STRIP = YES;
				GCC_PRECOMPILE_PREFIX_HEADER = YES;
				GCC_PREFIX_HEADER = AntAmbush_Prefix.pch;
				INFOPLIST_FILE = "AntAmbush-Info.plist";
				IPHONEOS_DEPLOYMENT_TARGET = 3.0;
				LIBRARY_SEARCH_PATHS = (
					"$(inherited)",
					"\"$(SRCROOT)/Airship\"",
				);
				PRODUCT_NAME = AntAmbush;
				"PROVISIONING_PROFILE[sdk=iphoneos*]" = "656DD911-C580-4F5F-9696-4226DA2F60B5";
				VALIDATE_PRODUCT = YES;
			};
			name = AppStore;
		};
		C01FCF4F08A954540054247B /* Debug */ = {
			isa = XCBuildConfiguration;
			buildSettings = {
				ARCHS = "$(ARCHS_STANDARD_32_BIT)";
				"CODE_SIGN_IDENTITY[sdk=iphoneos*]" = "iPhone Developer";
				GCC_C_LANGUAGE_STANDARD = c99;
				GCC_WARN_ABOUT_RETURN_TYPE = YES;
				GCC_WARN_UNUSED_VARIABLE = YES;
				HEADER_SEARCH_PATHS = "Airship/**";
				IPHONEOS_DEPLOYMENT_TARGET = 3.0;
				OTHER_LDFLAGS = (
					"-weak_library",
					/usr/lib/libSystem.B.dylib,
					"-all_load",
				);
				PREBINDING = NO;
				"PROVISIONING_PROFILE[sdk=iphoneos*]" = "";
				SDKROOT = iphoneos;
			};
			name = Debug;
		};
		C01FCF5008A954540054247B /* Release */ = {
			isa = XCBuildConfiguration;
			buildSettings = {
				ARCHS = "$(ARCHS_STANDARD_32_BIT)";
				"CODE_SIGN_IDENTITY[sdk=iphoneos*]" = "iPhone Distribution";
				GCC_C_LANGUAGE_STANDARD = c99;
				GCC_WARN_ABOUT_RETURN_TYPE = YES;
				GCC_WARN_UNUSED_VARIABLE = YES;
				HEADER_SEARCH_PATHS = "Airship/**";
				IPHONEOS_DEPLOYMENT_TARGET = 3.0;
				OTHER_CFLAGS = "-DNS_BLOCK_ASSERTIONS=1";
				OTHER_LDFLAGS = (
					"-weak_library",
					/usr/lib/libSystem.B.dylib,
					"-all_load",
				);
				PREBINDING = NO;
				"PROVISIONING_PROFILE[sdk=iphoneos*]" = "";
				SDKROOT = iphoneos;
			};
			name = Release;
		};
/* End XCBuildConfiguration section */

/* Begin XCConfigurationList section */
		1D6058960D05DD3E006BFB54 /* Build configuration list for PBXNativeTarget "AntAmbush" */ = {
			isa = XCConfigurationList;
			buildConfigurations = (
				1D6058940D05DD3E006BFB54 /* Debug */,
				1D6058950D05DD3E006BFB54 /* Release */,
				94EBD8E613E6142400A0D5C2 /* AppStore */,
				945EB2A7137256FB00D576C3 /* Ad Hoc */,
			);
			defaultConfigurationIsVisible = 0;
			defaultConfigurationName = Release;
		};
		C01FCF4E08A954540054247B /* Build configuration list for PBXProject "AntAmbush" */ = {
			isa = XCConfigurationList;
			buildConfigurations = (
				C01FCF4F08A954540054247B /* Debug */,
				C01FCF5008A954540054247B /* Release */,
				94EBD8E513E6142400A0D5C2 /* AppStore */,
				945EB2A6137256FB00D576C3 /* Ad Hoc */,
			);
			defaultConfigurationIsVisible = 0;
			defaultConfigurationName = Release;
		};
/* End XCConfigurationList section */
	};
	rootObject = 29B97313FDCFA39411CA2CEA /* Project object */;
}
